// !$*UTF8*$!
{
	archiveVersion = 1;
	classes = {
	};
	objectVersion = 50;
	objects = {

/* Begin PBXBuildFile section */
		AE04AF1126AAA5D000E79190 /* AppDelegate.swift in Sources */ = {isa = PBXBuildFile; fileRef = AE04AF1026AAA5D000E79190 /* AppDelegate.swift */; };
		AE04AF1326AAA5D000E79190 /* SceneDelegate.swift in Sources */ = {isa = PBXBuildFile; fileRef = AE04AF1226AAA5D000E79190 /* SceneDelegate.swift */; };
		AE04AF1526AAA5D000E79190 /* ViewController.swift in Sources */ = {isa = PBXBuildFile; fileRef = AE04AF1426AAA5D000E79190 /* ViewController.swift */; };
		AE04AF1826AAA5D000E79190 /* Main.storyboard in Resources */ = {isa = PBXBuildFile; fileRef = AE04AF1626AAA5D000E79190 /* Main.storyboard */; };
		AE04AF1B26AAA5D000E79190 /* EmatApps.xcdatamodeld in Sources */ = {isa = PBXBuildFile; fileRef = AE04AF1926AAA5D000E79190 /* EmatApps.xcdatamodeld */; };
		AE04AF1D26AAA5D200E79190 /* Assets.xcassets in Resources */ = {isa = PBXBuildFile; fileRef = AE04AF1C26AAA5D200E79190 /* Assets.xcassets */; };
		AE04AF2026AAA5D200E79190 /* LaunchScreen.storyboard in Resources */ = {isa = PBXBuildFile; fileRef = AE04AF1E26AAA5D200E79190 /* LaunchScreen.storyboard */; };
		E02CB40C26B0CCF000A39B2C /* MonthsTableViewCell.swift in Sources */ = {isa = PBXBuildFile; fileRef = E02CB40B26B0CCF000A39B2C /* MonthsTableViewCell.swift */; };
		E0B3462526B18A510076D482 /* MonthlyDataViewController.swift in Sources */ = {isa = PBXBuildFile; fileRef = E0B3462426B18A510076D482 /* MonthlyDataViewController.swift */; };
		E0B3462726B18A6A0076D482 /* MonthlyData.storyboard in Resources */ = {isa = PBXBuildFile; fileRef = E0B3462626B18A6A0076D482 /* MonthlyData.storyboard */; };
		E0B3462926B18D7A0076D482 /* MonthlyBudget.swift in Sources */ = {isa = PBXBuildFile; fileRef = E0B3462826B18D7A0076D482 /* MonthlyBudget.swift */; };
		E0B3462B26B26AFC0076D482 /* DailyUsageTableViewCell.swift in Sources */ = {isa = PBXBuildFile; fileRef = E0B3462A26B26AFC0076D482 /* DailyUsageTableViewCell.swift */; };
		E0B3463026B284FE0076D482 /* Model.swift in Sources */ = {isa = PBXBuildFile; fileRef = E0B3462F26B284FE0076D482 /* Model.swift */; };
		E0FBFC7D26AD55FB00EDCEBC /* Report.storyboard in Resources */ = {isa = PBXBuildFile; fileRef = E0FBFC7C26AD55FB00EDCEBC /* Report.storyboard */; };
		E0FBFC7F26AE73AD00EDCEBC /* GraphView.swift in Sources */ = {isa = PBXBuildFile; fileRef = E0FBFC7E26AE73AD00EDCEBC /* GraphView.swift */; };
		E0FBFC8126AE742F00EDCEBC /* ReportViewController.swift in Sources */ = {isa = PBXBuildFile; fileRef = E0FBFC8026AE742F00EDCEBC /* ReportViewController.swift */; };
/* End PBXBuildFile section */

/* Begin PBXFileReference section */
		AE04AF0D26AAA5D000E79190 /* EmatApps.app */ = {isa = PBXFileReference; explicitFileType = wrapper.application; includeInIndex = 0; path = EmatApps.app; sourceTree = BUILT_PRODUCTS_DIR; };
		AE04AF1026AAA5D000E79190 /* AppDelegate.swift */ = {isa = PBXFileReference; lastKnownFileType = sourcecode.swift; path = AppDelegate.swift; sourceTree = "<group>"; };
		AE04AF1226AAA5D000E79190 /* SceneDelegate.swift */ = {isa = PBXFileReference; lastKnownFileType = sourcecode.swift; path = SceneDelegate.swift; sourceTree = "<group>"; };
		AE04AF1426AAA5D000E79190 /* ViewController.swift */ = {isa = PBXFileReference; lastKnownFileType = sourcecode.swift; path = ViewController.swift; sourceTree = "<group>"; };
		AE04AF1726AAA5D000E79190 /* Base */ = {isa = PBXFileReference; lastKnownFileType = file.storyboard; name = Base; path = Base.lproj/Main.storyboard; sourceTree = "<group>"; };
		AE04AF1A26AAA5D000E79190 /* EmatApps.xcdatamodel */ = {isa = PBXFileReference; lastKnownFileType = wrapper.xcdatamodel; path = EmatApps.xcdatamodel; sourceTree = "<group>"; };
		AE04AF1C26AAA5D200E79190 /* Assets.xcassets */ = {isa = PBXFileReference; lastKnownFileType = folder.assetcatalog; path = Assets.xcassets; sourceTree = "<group>"; };
		AE04AF1F26AAA5D200E79190 /* Base */ = {isa = PBXFileReference; lastKnownFileType = file.storyboard; name = Base; path = Base.lproj/LaunchScreen.storyboard; sourceTree = "<group>"; };
		AE04AF2126AAA5D200E79190 /* Info.plist */ = {isa = PBXFileReference; lastKnownFileType = text.plist.xml; path = Info.plist; sourceTree = "<group>"; };
		E02CB40B26B0CCF000A39B2C /* MonthsTableViewCell.swift */ = {isa = PBXFileReference; lastKnownFileType = sourcecode.swift; path = MonthsTableViewCell.swift; sourceTree = "<group>"; };
		E0B3462426B18A510076D482 /* MonthlyDataViewController.swift */ = {isa = PBXFileReference; lastKnownFileType = sourcecode.swift; path = MonthlyDataViewController.swift; sourceTree = "<group>"; };
		E0B3462626B18A6A0076D482 /* MonthlyData.storyboard */ = {isa = PBXFileReference; lastKnownFileType = file.storyboard; path = MonthlyData.storyboard; sourceTree = "<group>"; };
		E0B3462826B18D7A0076D482 /* MonthlyBudget.swift */ = {isa = PBXFileReference; lastKnownFileType = sourcecode.swift; path = MonthlyBudget.swift; sourceTree = "<group>"; };
		E0B3462A26B26AFC0076D482 /* DailyUsageTableViewCell.swift */ = {isa = PBXFileReference; lastKnownFileType = sourcecode.swift; path = DailyUsageTableViewCell.swift; sourceTree = "<group>"; };
		E0B3462F26B284FE0076D482 /* Model.swift */ = {isa = PBXFileReference; lastKnownFileType = sourcecode.swift; path = Model.swift; sourceTree = "<group>"; };
		E0FBFC7C26AD55FB00EDCEBC /* Report.storyboard */ = {isa = PBXFileReference; lastKnownFileType = file.storyboard; path = Report.storyboard; sourceTree = "<group>"; };
		E0FBFC7E26AE73AD00EDCEBC /* GraphView.swift */ = {isa = PBXFileReference; lastKnownFileType = sourcecode.swift; path = GraphView.swift; sourceTree = "<group>"; };
		E0FBFC8026AE742F00EDCEBC /* ReportViewController.swift */ = {isa = PBXFileReference; lastKnownFileType = sourcecode.swift; path = ReportViewController.swift; sourceTree = "<group>"; };
/* End PBXFileReference section */

/* Begin PBXFrameworksBuildPhase section */
		AE04AF0A26AAA5D000E79190 /* Frameworks */ = {
			isa = PBXFrameworksBuildPhase;
			buildActionMask = 2147483647;
			files = (
			);
			runOnlyForDeploymentPostprocessing = 0;
		};
/* End PBXFrameworksBuildPhase section */

/* Begin PBXGroup section */
		AE04AF0426AAA5D000E79190 = {
			isa = PBXGroup;
			children = (
				AE04AF0F26AAA5D000E79190 /* EmatApps */,
				AE04AF0E26AAA5D000E79190 /* Products */,
			);
			sourceTree = "<group>";
		};
		AE04AF0E26AAA5D000E79190 /* Products */ = {
			isa = PBXGroup;
			children = (
				AE04AF0D26AAA5D000E79190 /* EmatApps.app */,
			);
			name = Products;
			sourceTree = "<group>";
		};
		AE04AF0F26AAA5D000E79190 /* EmatApps */ = {
			isa = PBXGroup;
			children = (
				E0B3462E26B284EC0076D482 /* Model */,
				E0B3462326B18A1A0076D482 /* Monthly Report */,
				E0FBFC7926AD55AE00EDCEBC /* Reports */,
				AE04AF1026AAA5D000E79190 /* AppDelegate.swift */,
				AE04AF1226AAA5D000E79190 /* SceneDelegate.swift */,
				AE04AF1426AAA5D000E79190 /* ViewController.swift */,
				AE04AF1626AAA5D000E79190 /* Main.storyboard */,
				AE04AF1E26AAA5D200E79190 /* LaunchScreen.storyboard */,
				AE04AF2126AAA5D200E79190 /* Info.plist */,
				AE04AF1926AAA5D000E79190 /* EmatApps.xcdatamodeld */,
				AE04AF1C26AAA5D200E79190 /* Assets.xcassets */,
			);
			path = EmatApps;
			sourceTree = "<group>";
		};
		E0B3462326B18A1A0076D482 /* Monthly Report */ = {
			isa = PBXGroup;
			children = (
				E0B3462C26B284920076D482 /* Budget Progress Bar */,
				E0B3462426B18A510076D482 /* MonthlyDataViewController.swift */,
				E0B3462626B18A6A0076D482 /* MonthlyData.storyboard */,
				E0B3462A26B26AFC0076D482 /* DailyUsageTableViewCell.swift */,
			);
			path = "Monthly Report";
			sourceTree = "<group>";
		};
		E0B3462C26B284920076D482 /* Budget Progress Bar */ = {
			isa = PBXGroup;
			children = (
				E0B3462826B18D7A0076D482 /* MonthlyBudget.swift */,
			);
			path = "Budget Progress Bar";
			sourceTree = "<group>";
		};
		E0B3462D26B284C40076D482 /* Monthly Line Chart */ = {
			isa = PBXGroup;
			children = (
				E0FBFC7E26AE73AD00EDCEBC /* GraphView.swift */,
			);
			path = "Monthly Line Chart";
			sourceTree = "<group>";
		};
		E0B3462E26B284EC0076D482 /* Model */ = {
			isa = PBXGroup;
			children = (
				E0B3462F26B284FE0076D482 /* Model.swift */,
			);
			path = Model;
			sourceTree = "<group>";
		};
		E0FBFC7926AD55AE00EDCEBC /* Reports */ = {
			isa = PBXGroup;
			children = (
				E0B3462D26B284C40076D482 /* Monthly Line Chart */,
				E0FBFC7C26AD55FB00EDCEBC /* Report.storyboard */,
				E0FBFC8026AE742F00EDCEBC /* ReportViewController.swift */,
				E02CB40B26B0CCF000A39B2C /* MonthsTableViewCell.swift */,
			);
			path = Reports;
			sourceTree = "<group>";
		};
/* End PBXGroup section */

/* Begin PBXNativeTarget section */
		AE04AF0C26AAA5D000E79190 /* EmatApps */ = {
			isa = PBXNativeTarget;
			buildConfigurationList = AE04AF2426AAA5D200E79190 /* Build configuration list for PBXNativeTarget "EmatApps" */;
			buildPhases = (
				AE04AF0926AAA5D000E79190 /* Sources */,
				AE04AF0A26AAA5D000E79190 /* Frameworks */,
				AE04AF0B26AAA5D000E79190 /* Resources */,
			);
			buildRules = (
			);
			dependencies = (
			);
			name = EmatApps;
			productName = EmatApps;
			productReference = AE04AF0D26AAA5D000E79190 /* EmatApps.app */;
			productType = "com.apple.product-type.application";
		};
/* End PBXNativeTarget section */

/* Begin PBXProject section */
		AE04AF0526AAA5D000E79190 /* Project object */ = {
			isa = PBXProject;
			attributes = {
				LastSwiftUpdateCheck = 1250;
				LastUpgradeCheck = 1250;
				TargetAttributes = {
					AE04AF0C26AAA5D000E79190 = {
						CreatedOnToolsVersion = 12.5;
					};
				};
			};
			buildConfigurationList = AE04AF0826AAA5D000E79190 /* Build configuration list for PBXProject "EmatApps" */;
			compatibilityVersion = "Xcode 9.3";
			developmentRegion = en;
			hasScannedForEncodings = 0;
			knownRegions = (
				en,
				Base,
			);
			mainGroup = AE04AF0426AAA5D000E79190;
			productRefGroup = AE04AF0E26AAA5D000E79190 /* Products */;
			projectDirPath = "";
			projectRoot = "";
			targets = (
				AE04AF0C26AAA5D000E79190 /* EmatApps */,
			);
		};
/* End PBXProject section */

/* Begin PBXResourcesBuildPhase section */
		AE04AF0B26AAA5D000E79190 /* Resources */ = {
			isa = PBXResourcesBuildPhase;
			buildActionMask = 2147483647;
			files = (
				E0FBFC7D26AD55FB00EDCEBC /* Report.storyboard in Resources */,
				AE04AF2026AAA5D200E79190 /* LaunchScreen.storyboard in Resources */,
				E0B3462726B18A6A0076D482 /* MonthlyData.storyboard in Resources */,
				AE04AF1D26AAA5D200E79190 /* Assets.xcassets in Resources */,
				AE04AF1826AAA5D000E79190 /* Main.storyboard in Resources */,
			);
			runOnlyForDeploymentPostprocessing = 0;
		};
/* End PBXResourcesBuildPhase section */

/* Begin PBXSourcesBuildPhase section */
		AE04AF0926AAA5D000E79190 /* Sources */ = {
			isa = PBXSourcesBuildPhase;
			buildActionMask = 2147483647;
			files = (
				E0B3462926B18D7A0076D482 /* MonthlyBudget.swift in Sources */,
				E0FBFC7F26AE73AD00EDCEBC /* GraphView.swift in Sources */,
				AE04AF1B26AAA5D000E79190 /* EmatApps.xcdatamodeld in Sources */,
				E0FBFC8126AE742F00EDCEBC /* ReportViewController.swift in Sources */,
				AE04AF1526AAA5D000E79190 /* ViewController.swift in Sources */,
				E0B3462B26B26AFC0076D482 /* DailyUsageTableViewCell.swift in Sources */,
				AE04AF1126AAA5D000E79190 /* AppDelegate.swift in Sources */,
				AE04AF1326AAA5D000E79190 /* SceneDelegate.swift in Sources */,
				E0B3463026B284FE0076D482 /* Model.swift in Sources */,
				E0B3462526B18A510076D482 /* MonthlyDataViewController.swift in Sources */,
				E02CB40C26B0CCF000A39B2C /* MonthsTableViewCell.swift in Sources */,
			);
			runOnlyForDeploymentPostprocessing = 0;
		};
/* End PBXSourcesBuildPhase section */

/* Begin PBXVariantGroup section */
		AE04AF1626AAA5D000E79190 /* Main.storyboard */ = {
			isa = PBXVariantGroup;
			children = (
				AE04AF1726AAA5D000E79190 /* Base */,
			);
			name = Main.storyboard;
			sourceTree = "<group>";
		};
		AE04AF1E26AAA5D200E79190 /* LaunchScreen.storyboard */ = {
			isa = PBXVariantGroup;
			children = (
				AE04AF1F26AAA5D200E79190 /* Base */,
			);
			name = LaunchScreen.storyboard;
			sourceTree = "<group>";
		};
/* End PBXVariantGroup section */

/* Begin XCBuildConfiguration section */
		AE04AF2226AAA5D200E79190 /* Debug */ = {
			isa = XCBuildConfiguration;
			buildSettings = {
				ALWAYS_SEARCH_USER_PATHS = NO;
				CLANG_ANALYZER_NONNULL = YES;
				CLANG_ANALYZER_NUMBER_OBJECT_CONVERSION = YES_AGGRESSIVE;
				CLANG_CXX_LANGUAGE_STANDARD = "gnu++14";
				CLANG_CXX_LIBRARY = "libc++";
				CLANG_ENABLE_MODULES = YES;
				CLANG_ENABLE_OBJC_ARC = YES;
				CLANG_ENABLE_OBJC_WEAK = YES;
				CLANG_WARN_BLOCK_CAPTURE_AUTORELEASING = YES;
				CLANG_WARN_BOOL_CONVERSION = YES;
				CLANG_WARN_COMMA = YES;
				CLANG_WARN_CONSTANT_CONVERSION = YES;
				CLANG_WARN_DEPRECATED_OBJC_IMPLEMENTATIONS = YES;
				CLANG_WARN_DIRECT_OBJC_ISA_USAGE = YES_ERROR;
				CLANG_WARN_DOCUMENTATION_COMMENTS = YES;
				CLANG_WARN_EMPTY_BODY = YES;
				CLANG_WARN_ENUM_CONVERSION = YES;
				CLANG_WARN_INFINITE_RECURSION = YES;
				CLANG_WARN_INT_CONVERSION = YES;
				CLANG_WARN_NON_LITERAL_NULL_CONVERSION = YES;
				CLANG_WARN_OBJC_IMPLICIT_RETAIN_SELF = YES;
				CLANG_WARN_OBJC_LITERAL_CONVERSION = YES;
				CLANG_WARN_OBJC_ROOT_CLASS = YES_ERROR;
				CLANG_WARN_QUOTED_INCLUDE_IN_FRAMEWORK_HEADER = YES;
				CLANG_WARN_RANGE_LOOP_ANALYSIS = YES;
				CLANG_WARN_STRICT_PROTOTYPES = YES;
				CLANG_WARN_SUSPICIOUS_MOVE = YES;
				CLANG_WARN_UNGUARDED_AVAILABILITY = YES_AGGRESSIVE;
				CLANG_WARN_UNREACHABLE_CODE = YES;
				CLANG_WARN__DUPLICATE_METHOD_MATCH = YES;
				COPY_PHASE_STRIP = NO;
				DEBUG_INFORMATION_FORMAT = dwarf;
				ENABLE_STRICT_OBJC_MSGSEND = YES;
				ENABLE_TESTABILITY = YES;
				GCC_C_LANGUAGE_STANDARD = gnu11;
				GCC_DYNAMIC_NO_PIC = NO;
				GCC_NO_COMMON_BLOCKS = YES;
				GCC_OPTIMIZATION_LEVEL = 0;
				GCC_PREPROCESSOR_DEFINITIONS = (
					"DEBUG=1",
					"$(inherited)",
				);
				GCC_WARN_64_TO_32_BIT_CONVERSION = YES;
				GCC_WARN_ABOUT_RETURN_TYPE = YES_ERROR;
				GCC_WARN_UNDECLARED_SELECTOR = YES;
				GCC_WARN_UNINITIALIZED_AUTOS = YES_AGGRESSIVE;
				GCC_WARN_UNUSED_FUNCTION = YES;
				GCC_WARN_UNUSED_VARIABLE = YES;
				IPHONEOS_DEPLOYMENT_TARGET = 14.5;
				MTL_ENABLE_DEBUG_INFO = INCLUDE_SOURCE;
				MTL_FAST_MATH = YES;
				ONLY_ACTIVE_ARCH = YES;
				SDKROOT = iphoneos;
				SWIFT_ACTIVE_COMPILATION_CONDITIONS = DEBUG;
				SWIFT_OPTIMIZATION_LEVEL = "-Onone";
			};
			name = Debug;
		};
		AE04AF2326AAA5D200E79190 /* Release */ = {
			isa = XCBuildConfiguration;
			buildSettings = {
				ALWAYS_SEARCH_USER_PATHS = NO;
				CLANG_ANALYZER_NONNULL = YES;
				CLANG_ANALYZER_NUMBER_OBJECT_CONVERSION = YES_AGGRESSIVE;
				CLANG_CXX_LANGUAGE_STANDARD = "gnu++14";
				CLANG_CXX_LIBRARY = "libc++";
				CLANG_ENABLE_MODULES = YES;
				CLANG_ENABLE_OBJC_ARC = YES;
				CLANG_ENABLE_OBJC_WEAK = YES;
				CLANG_WARN_BLOCK_CAPTURE_AUTORELEASING = YES;
				CLANG_WARN_BOOL_CONVERSION = YES;
				CLANG_WARN_COMMA = YES;
				CLANG_WARN_CONSTANT_CONVERSION = YES;
				CLANG_WARN_DEPRECATED_OBJC_IMPLEMENTATIONS = YES;
				CLANG_WARN_DIRECT_OBJC_ISA_USAGE = YES_ERROR;
				CLANG_WARN_DOCUMENTATION_COMMENTS = YES;
				CLANG_WARN_EMPTY_BODY = YES;
				CLANG_WARN_ENUM_CONVERSION = YES;
				CLANG_WARN_INFINITE_RECURSION = YES;
				CLANG_WARN_INT_CONVERSION = YES;
				CLANG_WARN_NON_LITERAL_NULL_CONVERSION = YES;
				CLANG_WARN_OBJC_IMPLICIT_RETAIN_SELF = YES;
				CLANG_WARN_OBJC_LITERAL_CONVERSION = YES;
				CLANG_WARN_OBJC_ROOT_CLASS = YES_ERROR;
				CLANG_WARN_QUOTED_INCLUDE_IN_FRAMEWORK_HEADER = YES;
				CLANG_WARN_RANGE_LOOP_ANALYSIS = YES;
				CLANG_WARN_STRICT_PROTOTYPES = YES;
				CLANG_WARN_SUSPICIOUS_MOVE = YES;
				CLANG_WARN_UNGUARDED_AVAILABILITY = YES_AGGRESSIVE;
				CLANG_WARN_UNREACHABLE_CODE = YES;
				CLANG_WARN__DUPLICATE_METHOD_MATCH = YES;
				COPY_PHASE_STRIP = NO;
				DEBUG_INFORMATION_FORMAT = "dwarf-with-dsym";
				ENABLE_NS_ASSERTIONS = NO;
				ENABLE_STRICT_OBJC_MSGSEND = YES;
				GCC_C_LANGUAGE_STANDARD = gnu11;
				GCC_NO_COMMON_BLOCKS = YES;
				GCC_WARN_64_TO_32_BIT_CONVERSION = YES;
				GCC_WARN_ABOUT_RETURN_TYPE = YES_ERROR;
				GCC_WARN_UNDECLARED_SELECTOR = YES;
				GCC_WARN_UNINITIALIZED_AUTOS = YES_AGGRESSIVE;
				GCC_WARN_UNUSED_FUNCTION = YES;
				GCC_WARN_UNUSED_VARIABLE = YES;
				IPHONEOS_DEPLOYMENT_TARGET = 14.5;
				MTL_ENABLE_DEBUG_INFO = NO;
				MTL_FAST_MATH = YES;
				SDKROOT = iphoneos;
				SWIFT_COMPILATION_MODE = wholemodule;
				SWIFT_OPTIMIZATION_LEVEL = "-O";
				VALIDATE_PRODUCT = YES;
			};
			name = Release;
		};
		AE04AF2526AAA5D200E79190 /* Debug */ = {
			isa = XCBuildConfiguration;
			buildSettings = {
				ASSETCATALOG_COMPILER_APPICON_NAME = AppIcon;
				ASSETCATALOG_COMPILER_GLOBAL_ACCENT_COLOR_NAME = AccentColor;
				CODE_SIGN_STYLE = Automatic;
				DEVELOPMENT_TEAM = 4VR7S48W5N;
				INFOPLIST_FILE = EmatApps/Info.plist;
				LD_RUNPATH_SEARCH_PATHS = (
					"$(inherited)",
					"@executable_path/Frameworks",
				);
				PRODUCT_BUNDLE_IDENTIFIER = com.rangga.EmatApps;
				PRODUCT_NAME = "$(TARGET_NAME)";
				SWIFT_VERSION = 5.0;
				TARGETED_DEVICE_FAMILY = "1,2";
			};
			name = Debug;
		};
		AE04AF2626AAA5D200E79190 /* Release */ = {
			isa = XCBuildConfiguration;
			buildSettings = {
				ASSETCATALOG_COMPILER_APPICON_NAME = AppIcon;
				ASSETCATALOG_COMPILER_GLOBAL_ACCENT_COLOR_NAME = AccentColor;
				CODE_SIGN_STYLE = Automatic;
				DEVELOPMENT_TEAM = 4VR7S48W5N;
				INFOPLIST_FILE = EmatApps/Info.plist;
				LD_RUNPATH_SEARCH_PATHS = (
					"$(inherited)",
					"@executable_path/Frameworks",
				);
				PRODUCT_BUNDLE_IDENTIFIER = com.rangga.EmatApps;
				PRODUCT_NAME = "$(TARGET_NAME)";
				SWIFT_VERSION = 5.0;
				TARGETED_DEVICE_FAMILY = "1,2";
			};
			name = Release;
		};
/* End XCBuildConfiguration section */

/* Begin XCConfigurationList section */
		AE04AF0826AAA5D000E79190 /* Build configuration list for PBXProject "EmatApps" */ = {
			isa = XCConfigurationList;
			buildConfigurations = (
				AE04AF2226AAA5D200E79190 /* Debug */,
				AE04AF2326AAA5D200E79190 /* Release */,
			);
			defaultConfigurationIsVisible = 0;
			defaultConfigurationName = Release;
		};
		AE04AF2426AAA5D200E79190 /* Build configuration list for PBXNativeTarget "EmatApps" */ = {
			isa = XCConfigurationList;
			buildConfigurations = (
				AE04AF2526AAA5D200E79190 /* Debug */,
				AE04AF2626AAA5D200E79190 /* Release */,
			);
			defaultConfigurationIsVisible = 0;
			defaultConfigurationName = Release;
		};
/* End XCConfigurationList section */

/* Begin XCVersionGroup section */
		AE04AF1926AAA5D000E79190 /* EmatApps.xcdatamodeld */ = {
			isa = XCVersionGroup;
			children = (
				AE04AF1A26AAA5D000E79190 /* EmatApps.xcdatamodel */,
			);
			currentVersion = AE04AF1A26AAA5D000E79190 /* EmatApps.xcdatamodel */;
			path = EmatApps.xcdatamodeld;
			sourceTree = "<group>";
			versionGroupType = wrapper.xcdatamodel;
		};
/* End XCVersionGroup section */
	};
	rootObject = AE04AF0526AAA5D000E79190 /* Project object */;
}
