// !$*UTF8*$!
{
	archiveVersion = 1;
	classes = {
	};
	objectVersion = 51;
	objects = {

/* Begin PBXBuildFile section */
		7250CE226740D638D8969E1F /* Pods_EmatApps.framework in Frameworks */ = {isa = PBXBuildFile; fileRef = 4F8B1DC4930DC66D27A7D815 /* Pods_EmatApps.framework */; };
		AE03DF0126CCE96C0000047D /* Onboarding.storyboard in Resources */ = {isa = PBXBuildFile; fileRef = AE03DF0026CCE96C0000047D /* Onboarding.storyboard */; };
		AE04AF1126AAA5D000E79190 /* AppDelegate.swift in Sources */ = {isa = PBXBuildFile; fileRef = AE04AF1026AAA5D000E79190 /* AppDelegate.swift */; };
		AE04AF1326AAA5D000E79190 /* SceneDelegate.swift in Sources */ = {isa = PBXBuildFile; fileRef = AE04AF1226AAA5D000E79190 /* SceneDelegate.swift */; };
		AE04AF1826AAA5D000E79190 /* Main.storyboard in Resources */ = {isa = PBXBuildFile; fileRef = AE04AF1626AAA5D000E79190 /* Main.storyboard */; };
		AE04AF1B26AAA5D000E79190 /* EmatApps.xcdatamodeld in Sources */ = {isa = PBXBuildFile; fileRef = AE04AF1926AAA5D000E79190 /* EmatApps.xcdatamodeld */; };
		AE04AF1D26AAA5D200E79190 /* Assets.xcassets in Resources */ = {isa = PBXBuildFile; fileRef = AE04AF1C26AAA5D200E79190 /* Assets.xcassets */; };
		AE04AF2026AAA5D200E79190 /* LaunchScreen.storyboard in Resources */ = {isa = PBXBuildFile; fileRef = AE04AF1E26AAA5D200E79190 /* LaunchScreen.storyboard */; };
		AE07D3E426BBA74A00526190 /* PillMarker.swift in Sources */ = {isa = PBXBuildFile; fileRef = AE07D3E326BBA74A00526190 /* PillMarker.swift */; };
		AE07D3E826BBB72200526190 /* ModelProp.swift in Sources */ = {isa = PBXBuildFile; fileRef = AE07D3E726BBB72200526190 /* ModelProp.swift */; };
		AE07D3FD26BD3C6400526190 /* BaseRequest.swift in Sources */ = {isa = PBXBuildFile; fileRef = AE07D3FC26BD3C6400526190 /* BaseRequest.swift */; };
		AE07D3FF26BD3C7500526190 /* APIRequest.swift in Sources */ = {isa = PBXBuildFile; fileRef = AE07D3FE26BD3C7500526190 /* APIRequest.swift */; };
		AE07D40126BD3CDD00526190 /* Constant.swift in Sources */ = {isa = PBXBuildFile; fileRef = AE07D40026BD3CDD00526190 /* Constant.swift */; };
		AE07D40326BD3DAC00526190 /* Core.swift in Sources */ = {isa = PBXBuildFile; fileRef = AE07D40226BD3DAC00526190 /* Core.swift */; };
		AE3CFD5626C4F66200847D76 /* GrafTableViewCell.swift in Sources */ = {isa = PBXBuildFile; fileRef = AE3CFD5526C4F66200847D76 /* GrafTableViewCell.swift */; };
		AE3CFD5826C4F66E00847D76 /* ListTableViewCell.swift in Sources */ = {isa = PBXBuildFile; fileRef = AE3CFD5726C4F66E00847D76 /* ListTableViewCell.swift */; };
		AE3CFD5A26C4F6A700847D76 /* ReportTableViewController.swift in Sources */ = {isa = PBXBuildFile; fileRef = AE3CFD5926C4F6A700847D76 /* ReportTableViewController.swift */; };
		AE3CFD5D26C50B3B00847D76 /* TitleView.swift in Sources */ = {isa = PBXBuildFile; fileRef = AE3CFD5C26C50B3B00847D76 /* TitleView.swift */; };
		AE5446F626B7E01000E969FF /* Power.swift in Sources */ = {isa = PBXBuildFile; fileRef = AE5446F526B7E01000E969FF /* Power.swift */; };
		AE7074A726B29F71000255A3 /* Overview.storyboard in Resources */ = {isa = PBXBuildFile; fileRef = AE7074A626B29F71000255A3 /* Overview.storyboard */; };
		AE7074A926B2A11A000255A3 /* OverTableViewController.swift in Sources */ = {isa = PBXBuildFile; fileRef = AE7074A826B2A11A000255A3 /* OverTableViewController.swift */; };
		AE7074AB26B2A41F000255A3 /* CellFiveTableViewCell.swift in Sources */ = {isa = PBXBuildFile; fileRef = AE7074AA26B2A41F000255A3 /* CellFiveTableViewCell.swift */; };
		AE7074AF26B3FB95000255A3 /* EstimatedViewController.swift in Sources */ = {isa = PBXBuildFile; fileRef = AE7074AE26B3FB95000255A3 /* EstimatedViewController.swift */; };
		AE7074B326B3FBD2000255A3 /* EstCollectionViewCell.swift in Sources */ = {isa = PBXBuildFile; fileRef = AE7074B226B3FBD2000255A3 /* EstCollectionViewCell.swift */; };
		AE7074B626B41256000255A3 /* OnboardingViewController.swift in Sources */ = {isa = PBXBuildFile; fileRef = AE7074B526B41256000255A3 /* OnboardingViewController.swift */; };
		AE7074B826B45862000255A3 /* OnboardingCollectionViewCell.swift in Sources */ = {isa = PBXBuildFile; fileRef = AE7074B726B45862000255A3 /* OnboardingCollectionViewCell.swift */; };
		AE7074BA26B45895000255A3 /* OnboardingSlide.swift in Sources */ = {isa = PBXBuildFile; fileRef = AE7074B926B45895000255A3 /* OnboardingSlide.swift */; };
		AE7074BC26B460EB000255A3 /* DeviceViewController.swift in Sources */ = {isa = PBXBuildFile; fileRef = AE7074BB26B460EB000255A3 /* DeviceViewController.swift */; };
		AE99613B26B5447200FDA0B1 /* PowerViewController.swift in Sources */ = {isa = PBXBuildFile; fileRef = AE99613A26B5447200FDA0B1 /* PowerViewController.swift */; };
		AEC3C3F526BAC5780060134F /* SettingTableViewController.swift in Sources */ = {isa = PBXBuildFile; fileRef = AEC3C3F426BAC5780060134F /* SettingTableViewController.swift */; };
		AECC1F9D26C64EA9003D3814 /* ChartSetup.swift in Sources */ = {isa = PBXBuildFile; fileRef = AECC1F9C26C64EA9003D3814 /* ChartSetup.swift */; };
		AEFDAADC26B2906D00E0BBDB /* CellOneTableViewCell.swift in Sources */ = {isa = PBXBuildFile; fileRef = AEFDAADB26B2906D00E0BBDB /* CellOneTableViewCell.swift */; };
		AEFDAADE26B2907C00E0BBDB /* CellTwoTableViewCell.swift in Sources */ = {isa = PBXBuildFile; fileRef = AEFDAADD26B2907C00E0BBDB /* CellTwoTableViewCell.swift */; };
		AEFDAAE026B290A600E0BBDB /* CellThreeTableViewCell.swift in Sources */ = {isa = PBXBuildFile; fileRef = AEFDAADF26B290A600E0BBDB /* CellThreeTableViewCell.swift */; };
		AEFDAAE226B290B000E0BBDB /* CellFourTableViewCell.swift in Sources */ = {isa = PBXBuildFile; fileRef = AEFDAAE126B290B000E0BBDB /* CellFourTableViewCell.swift */; };
		AEFDAAE426B293BD00E0BBDB /* TitleStackView.swift in Sources */ = {isa = PBXBuildFile; fileRef = AEFDAAE326B293BD00E0BBDB /* TitleStackView.swift */; };
		E02CB40C26B0CCF000A39B2C /* MonthsTableViewCell.swift in Sources */ = {isa = PBXBuildFile; fileRef = E02CB40B26B0CCF000A39B2C /* MonthsTableViewCell.swift */; };
		E04162B426CD35AA009F9C26 /* Float+Formatter.swift in Sources */ = {isa = PBXBuildFile; fileRef = E04162B326CD35AA009F9C26 /* Float+Formatter.swift */; };
		E04162BA26CD6965009F9C26 /* MonthlyPower.swift in Sources */ = {isa = PBXBuildFile; fileRef = E04162B926CD6965009F9C26 /* MonthlyPower.swift */; };
		E0B3462526B18A510076D482 /* MonthlyDataViewController.swift in Sources */ = {isa = PBXBuildFile; fileRef = E0B3462426B18A510076D482 /* MonthlyDataViewController.swift */; };
		E0B3462726B18A6A0076D482 /* MonthlyData.storyboard in Resources */ = {isa = PBXBuildFile; fileRef = E0B3462626B18A6A0076D482 /* MonthlyData.storyboard */; };
		E0B3462926B18D7A0076D482 /* MonthlyBudget.swift in Sources */ = {isa = PBXBuildFile; fileRef = E0B3462826B18D7A0076D482 /* MonthlyBudget.swift */; };
		E0B3462B26B26AFC0076D482 /* DailyUsageTableViewCell.swift in Sources */ = {isa = PBXBuildFile; fileRef = E0B3462A26B26AFC0076D482 /* DailyUsageTableViewCell.swift */; };
		E0B3463326B28EEA0076D482 /* Setting.storyboard in Resources */ = {isa = PBXBuildFile; fileRef = E0B3463226B28EEA0076D482 /* Setting.storyboard */; };
		E0B3463826B291950076D482 /* AboutUs.storyboard in Resources */ = {isa = PBXBuildFile; fileRef = E0B3463726B291950076D482 /* AboutUs.storyboard */; };
		E0B3463A26B291A30076D482 /* AboutUsViewController.swift in Sources */ = {isa = PBXBuildFile; fileRef = E0B3463926B291A30076D482 /* AboutUsViewController.swift */; };
		E0B3463C26B2A2C20076D482 /* SettingsCell.swift in Sources */ = {isa = PBXBuildFile; fileRef = E0B3463B26B2A2C20076D482 /* SettingsCell.swift */; };
		E0B3465326B2A5DD0076D482 /* Poppins-SemiBoldItalic.otf in Resources */ = {isa = PBXBuildFile; fileRef = E0B3464026B2A5DD0076D482 /* Poppins-SemiBoldItalic.otf */; };
		E0B3465426B2A5DD0076D482 /* Poppins-ExtraBoldItalic.otf in Resources */ = {isa = PBXBuildFile; fileRef = E0B3464126B2A5DD0076D482 /* Poppins-ExtraBoldItalic.otf */; };
		E0B3465526B2A5DD0076D482 /* SIL Open Font License.txt in Resources */ = {isa = PBXBuildFile; fileRef = E0B3464226B2A5DD0076D482 /* SIL Open Font License.txt */; };
		E0B3465626B2A5DD0076D482 /* Poppins-ExtraLight.otf in Resources */ = {isa = PBXBuildFile; fileRef = E0B3464326B2A5DD0076D482 /* Poppins-ExtraLight.otf */; };
		E0B3465726B2A5DD0076D482 /* Poppins-ThinItalic.otf in Resources */ = {isa = PBXBuildFile; fileRef = E0B3464426B2A5DD0076D482 /* Poppins-ThinItalic.otf */; };
		E0B3465826B2A5DD0076D482 /* Poppins-ExtraLightItalic.otf in Resources */ = {isa = PBXBuildFile; fileRef = E0B3464526B2A5DD0076D482 /* Poppins-ExtraLightItalic.otf */; };
		E0B3465926B2A5DD0076D482 /* Poppins-Light.otf in Resources */ = {isa = PBXBuildFile; fileRef = E0B3464626B2A5DD0076D482 /* Poppins-Light.otf */; };
		E0B3465A26B2A5DD0076D482 /* Poppins-BoldItalic.otf in Resources */ = {isa = PBXBuildFile; fileRef = E0B3464726B2A5DD0076D482 /* Poppins-BoldItalic.otf */; };
		E0B3465B26B2A5DD0076D482 /* Poppins-Medium.otf in Resources */ = {isa = PBXBuildFile; fileRef = E0B3464826B2A5DD0076D482 /* Poppins-Medium.otf */; };
		E0B3465C26B2A5DD0076D482 /* Poppins-SemiBold.otf in Resources */ = {isa = PBXBuildFile; fileRef = E0B3464926B2A5DD0076D482 /* Poppins-SemiBold.otf */; };
		E0B3465D26B2A5DD0076D482 /* Poppins-Italic.otf in Resources */ = {isa = PBXBuildFile; fileRef = E0B3464A26B2A5DD0076D482 /* Poppins-Italic.otf */; };
		E0B3465E26B2A5DD0076D482 /* Poppins-Thin.otf in Resources */ = {isa = PBXBuildFile; fileRef = E0B3464B26B2A5DD0076D482 /* Poppins-Thin.otf */; };
		E0B3465F26B2A5DD0076D482 /* Poppins-MediumItalic.otf in Resources */ = {isa = PBXBuildFile; fileRef = E0B3464C26B2A5DD0076D482 /* Poppins-MediumItalic.otf */; };
		E0B3466026B2A5DD0076D482 /* Poppins-LightItalic.otf in Resources */ = {isa = PBXBuildFile; fileRef = E0B3464D26B2A5DD0076D482 /* Poppins-LightItalic.otf */; };
		E0B3466126B2A5DD0076D482 /* Poppins-Bold.otf in Resources */ = {isa = PBXBuildFile; fileRef = E0B3464E26B2A5DD0076D482 /* Poppins-Bold.otf */; };
		E0B3466226B2A5DD0076D482 /* Poppins-Black.otf in Resources */ = {isa = PBXBuildFile; fileRef = E0B3464F26B2A5DD0076D482 /* Poppins-Black.otf */; };
		E0B3466326B2A5DD0076D482 /* Poppins-BlackItalic.otf in Resources */ = {isa = PBXBuildFile; fileRef = E0B3465026B2A5DD0076D482 /* Poppins-BlackItalic.otf */; };
		E0B3466426B2A5DD0076D482 /* Poppins-Regular.otf in Resources */ = {isa = PBXBuildFile; fileRef = E0B3465126B2A5DD0076D482 /* Poppins-Regular.otf */; };
		E0B3466526B2A5DD0076D482 /* Poppins-ExtraBold.otf in Resources */ = {isa = PBXBuildFile; fileRef = E0B3465226B2A5DD0076D482 /* Poppins-ExtraBold.otf */; };
		E0B3466F26B2A8170076D482 /* CircularStd-BoldItalic.ttf in Resources */ = {isa = PBXBuildFile; fileRef = E0B3466726B2A8170076D482 /* CircularStd-BoldItalic.ttf */; };
		E0B3467026B2A8170076D482 /* CircularStd-MediumItalic.ttf in Resources */ = {isa = PBXBuildFile; fileRef = E0B3466826B2A8170076D482 /* CircularStd-MediumItalic.ttf */; };
		E0B3467126B2A8170076D482 /* CircularStd-BlackItalic.ttf in Resources */ = {isa = PBXBuildFile; fileRef = E0B3466926B2A8170076D482 /* CircularStd-BlackItalic.ttf */; };
		E0B3467226B2A8170076D482 /* CircularStd-Book.ttf in Resources */ = {isa = PBXBuildFile; fileRef = E0B3466A26B2A8170076D482 /* CircularStd-Book.ttf */; };
		E0B3467326B2A8170076D482 /* CircularStd-Black.ttf in Resources */ = {isa = PBXBuildFile; fileRef = E0B3466B26B2A8170076D482 /* CircularStd-Black.ttf */; };
		E0B3467426B2A8170076D482 /* CircularStd-BookItalic.ttf in Resources */ = {isa = PBXBuildFile; fileRef = E0B3466C26B2A8170076D482 /* CircularStd-BookItalic.ttf */; };
		E0B3467526B2A8170076D482 /* CircularStd-Bold.ttf in Resources */ = {isa = PBXBuildFile; fileRef = E0B3466D26B2A8170076D482 /* CircularStd-Bold.ttf */; };
		E0B3467626B2A8170076D482 /* CircularStd-Medium.ttf in Resources */ = {isa = PBXBuildFile; fileRef = E0B3466E26B2A8170076D482 /* CircularStd-Medium.ttf */; };
		E0C3E24C26B3C6C3003AFC74 /* MonthlyBudgetCell.swift in Sources */ = {isa = PBXBuildFile; fileRef = E0C3E24B26B3C6C3003AFC74 /* MonthlyBudgetCell.swift */; };
		E0C3E24E26B3C6D7003AFC74 /* PowerCell.swift in Sources */ = {isa = PBXBuildFile; fileRef = E0C3E24D26B3C6D7003AFC74 /* PowerCell.swift */; };
		E0FBFC7D26AD55FB00EDCEBC /* Report.storyboard in Resources */ = {isa = PBXBuildFile; fileRef = E0FBFC7C26AD55FB00EDCEBC /* Report.storyboard */; };
		E0FBFC7F26AE73AD00EDCEBC /* GraphView.swift in Sources */ = {isa = PBXBuildFile; fileRef = E0FBFC7E26AE73AD00EDCEBC /* GraphView.swift */; };
/* End PBXBuildFile section */

/* Begin PBXFileReference section */
		4F8B1DC4930DC66D27A7D815 /* Pods_EmatApps.framework */ = {isa = PBXFileReference; explicitFileType = wrapper.framework; includeInIndex = 0; path = Pods_EmatApps.framework; sourceTree = BUILT_PRODUCTS_DIR; };
		53EBAC02C5537545D1A9538F /* Pods-EmatApps.debug.xcconfig */ = {isa = PBXFileReference; includeInIndex = 1; lastKnownFileType = text.xcconfig; name = "Pods-EmatApps.debug.xcconfig"; path = "Target Support Files/Pods-EmatApps/Pods-EmatApps.debug.xcconfig"; sourceTree = "<group>"; };
		80F47A274DF337A76F1819AB /* Pods-EmatApps.release.xcconfig */ = {isa = PBXFileReference; includeInIndex = 1; lastKnownFileType = text.xcconfig; name = "Pods-EmatApps.release.xcconfig"; path = "Target Support Files/Pods-EmatApps/Pods-EmatApps.release.xcconfig"; sourceTree = "<group>"; };
		AE03DF0026CCE96C0000047D /* Onboarding.storyboard */ = {isa = PBXFileReference; lastKnownFileType = file.storyboard; path = Onboarding.storyboard; sourceTree = "<group>"; };
		AE04AF0D26AAA5D000E79190 /* EmatApps.app */ = {isa = PBXFileReference; explicitFileType = wrapper.application; includeInIndex = 0; path = EmatApps.app; sourceTree = BUILT_PRODUCTS_DIR; };
		AE04AF1026AAA5D000E79190 /* AppDelegate.swift */ = {isa = PBXFileReference; lastKnownFileType = sourcecode.swift; path = AppDelegate.swift; sourceTree = "<group>"; };
		AE04AF1226AAA5D000E79190 /* SceneDelegate.swift */ = {isa = PBXFileReference; lastKnownFileType = sourcecode.swift; path = SceneDelegate.swift; sourceTree = "<group>"; };
		AE04AF1726AAA5D000E79190 /* Base */ = {isa = PBXFileReference; lastKnownFileType = file.storyboard; name = Base; path = Base.lproj/Main.storyboard; sourceTree = "<group>"; };
		AE04AF1A26AAA5D000E79190 /* EmatApps.xcdatamodel */ = {isa = PBXFileReference; lastKnownFileType = wrapper.xcdatamodel; path = EmatApps.xcdatamodel; sourceTree = "<group>"; };
		AE04AF1C26AAA5D200E79190 /* Assets.xcassets */ = {isa = PBXFileReference; lastKnownFileType = folder.assetcatalog; path = Assets.xcassets; sourceTree = "<group>"; };
		AE04AF1F26AAA5D200E79190 /* Base */ = {isa = PBXFileReference; lastKnownFileType = file.storyboard; name = Base; path = Base.lproj/LaunchScreen.storyboard; sourceTree = "<group>"; };
		AE04AF2126AAA5D200E79190 /* Info.plist */ = {isa = PBXFileReference; lastKnownFileType = text.plist.xml; path = Info.plist; sourceTree = "<group>"; };
		AE07D3E326BBA74A00526190 /* PillMarker.swift */ = {isa = PBXFileReference; lastKnownFileType = sourcecode.swift; path = PillMarker.swift; sourceTree = "<group>"; };
		AE07D3E726BBB72200526190 /* ModelProp.swift */ = {isa = PBXFileReference; lastKnownFileType = sourcecode.swift; path = ModelProp.swift; sourceTree = "<group>"; };
		AE07D3FC26BD3C6400526190 /* BaseRequest.swift */ = {isa = PBXFileReference; lastKnownFileType = sourcecode.swift; path = BaseRequest.swift; sourceTree = "<group>"; };
		AE07D3FE26BD3C7500526190 /* APIRequest.swift */ = {isa = PBXFileReference; lastKnownFileType = sourcecode.swift; path = APIRequest.swift; sourceTree = "<group>"; };
		AE07D40026BD3CDD00526190 /* Constant.swift */ = {isa = PBXFileReference; lastKnownFileType = sourcecode.swift; path = Constant.swift; sourceTree = "<group>"; };
		AE07D40226BD3DAC00526190 /* Core.swift */ = {isa = PBXFileReference; lastKnownFileType = sourcecode.swift; path = Core.swift; sourceTree = "<group>"; };
		AE3CFD5526C4F66200847D76 /* GrafTableViewCell.swift */ = {isa = PBXFileReference; lastKnownFileType = sourcecode.swift; path = GrafTableViewCell.swift; sourceTree = "<group>"; };
		AE3CFD5726C4F66E00847D76 /* ListTableViewCell.swift */ = {isa = PBXFileReference; lastKnownFileType = sourcecode.swift; path = ListTableViewCell.swift; sourceTree = "<group>"; };
		AE3CFD5926C4F6A700847D76 /* ReportTableViewController.swift */ = {isa = PBXFileReference; lastKnownFileType = sourcecode.swift; path = ReportTableViewController.swift; sourceTree = "<group>"; };
		AE3CFD5C26C50B3B00847D76 /* TitleView.swift */ = {isa = PBXFileReference; lastKnownFileType = sourcecode.swift; path = TitleView.swift; sourceTree = "<group>"; };
		AE5446F526B7E01000E969FF /* Power.swift */ = {isa = PBXFileReference; lastKnownFileType = sourcecode.swift; path = Power.swift; sourceTree = "<group>"; };
		AE7074A626B29F71000255A3 /* Overview.storyboard */ = {isa = PBXFileReference; fileEncoding = 4; lastKnownFileType = file.storyboard; path = Overview.storyboard; sourceTree = "<group>"; };
		AE7074A826B2A11A000255A3 /* OverTableViewController.swift */ = {isa = PBXFileReference; lastKnownFileType = sourcecode.swift; path = OverTableViewController.swift; sourceTree = "<group>"; };
		AE7074AA26B2A41F000255A3 /* CellFiveTableViewCell.swift */ = {isa = PBXFileReference; lastKnownFileType = sourcecode.swift; path = CellFiveTableViewCell.swift; sourceTree = "<group>"; };
		AE7074AE26B3FB95000255A3 /* EstimatedViewController.swift */ = {isa = PBXFileReference; lastKnownFileType = sourcecode.swift; path = EstimatedViewController.swift; sourceTree = "<group>"; };
		AE7074B226B3FBD2000255A3 /* EstCollectionViewCell.swift */ = {isa = PBXFileReference; lastKnownFileType = sourcecode.swift; path = EstCollectionViewCell.swift; sourceTree = "<group>"; };
		AE7074B526B41256000255A3 /* OnboardingViewController.swift */ = {isa = PBXFileReference; lastKnownFileType = sourcecode.swift; path = OnboardingViewController.swift; sourceTree = "<group>"; };
		AE7074B726B45862000255A3 /* OnboardingCollectionViewCell.swift */ = {isa = PBXFileReference; lastKnownFileType = sourcecode.swift; path = OnboardingCollectionViewCell.swift; sourceTree = "<group>"; };
		AE7074B926B45895000255A3 /* OnboardingSlide.swift */ = {isa = PBXFileReference; lastKnownFileType = sourcecode.swift; path = OnboardingSlide.swift; sourceTree = "<group>"; };
		AE7074BB26B460EB000255A3 /* DeviceViewController.swift */ = {isa = PBXFileReference; lastKnownFileType = sourcecode.swift; path = DeviceViewController.swift; sourceTree = "<group>"; };
		AE99613A26B5447200FDA0B1 /* PowerViewController.swift */ = {isa = PBXFileReference; lastKnownFileType = sourcecode.swift; path = PowerViewController.swift; sourceTree = "<group>"; };
		AEC3C3F426BAC5780060134F /* SettingTableViewController.swift */ = {isa = PBXFileReference; lastKnownFileType = sourcecode.swift; path = SettingTableViewController.swift; sourceTree = "<group>"; };
		AECC1F9C26C64EA9003D3814 /* ChartSetup.swift */ = {isa = PBXFileReference; lastKnownFileType = sourcecode.swift; path = ChartSetup.swift; sourceTree = "<group>"; };
		AEFDAADB26B2906D00E0BBDB /* CellOneTableViewCell.swift */ = {isa = PBXFileReference; lastKnownFileType = sourcecode.swift; path = CellOneTableViewCell.swift; sourceTree = "<group>"; };
		AEFDAADD26B2907C00E0BBDB /* CellTwoTableViewCell.swift */ = {isa = PBXFileReference; lastKnownFileType = sourcecode.swift; path = CellTwoTableViewCell.swift; sourceTree = "<group>"; };
		AEFDAADF26B290A600E0BBDB /* CellThreeTableViewCell.swift */ = {isa = PBXFileReference; lastKnownFileType = sourcecode.swift; path = CellThreeTableViewCell.swift; sourceTree = "<group>"; };
		AEFDAAE126B290B000E0BBDB /* CellFourTableViewCell.swift */ = {isa = PBXFileReference; lastKnownFileType = sourcecode.swift; path = CellFourTableViewCell.swift; sourceTree = "<group>"; };
		AEFDAAE326B293BD00E0BBDB /* TitleStackView.swift */ = {isa = PBXFileReference; lastKnownFileType = sourcecode.swift; path = TitleStackView.swift; sourceTree = "<group>"; };
		E02CB40B26B0CCF000A39B2C /* MonthsTableViewCell.swift */ = {isa = PBXFileReference; lastKnownFileType = sourcecode.swift; path = MonthsTableViewCell.swift; sourceTree = "<group>"; };
		E04162B326CD35AA009F9C26 /* Float+Formatter.swift */ = {isa = PBXFileReference; lastKnownFileType = sourcecode.swift; path = "Float+Formatter.swift"; sourceTree = "<group>"; };
		E04162B926CD6965009F9C26 /* MonthlyPower.swift */ = {isa = PBXFileReference; lastKnownFileType = sourcecode.swift; path = MonthlyPower.swift; sourceTree = "<group>"; };
		E0B3462426B18A510076D482 /* MonthlyDataViewController.swift */ = {isa = PBXFileReference; lastKnownFileType = sourcecode.swift; path = MonthlyDataViewController.swift; sourceTree = "<group>"; };
		E0B3462626B18A6A0076D482 /* MonthlyData.storyboard */ = {isa = PBXFileReference; lastKnownFileType = file.storyboard; path = MonthlyData.storyboard; sourceTree = "<group>"; };
		E0B3462826B18D7A0076D482 /* MonthlyBudget.swift */ = {isa = PBXFileReference; lastKnownFileType = sourcecode.swift; path = MonthlyBudget.swift; sourceTree = "<group>"; };
		E0B3462A26B26AFC0076D482 /* DailyUsageTableViewCell.swift */ = {isa = PBXFileReference; lastKnownFileType = sourcecode.swift; path = DailyUsageTableViewCell.swift; sourceTree = "<group>"; };
		E0B3463226B28EEA0076D482 /* Setting.storyboard */ = {isa = PBXFileReference; lastKnownFileType = file.storyboard; path = Setting.storyboard; sourceTree = "<group>"; };
		E0B3463726B291950076D482 /* AboutUs.storyboard */ = {isa = PBXFileReference; lastKnownFileType = file.storyboard; path = AboutUs.storyboard; sourceTree = "<group>"; };
		E0B3463926B291A30076D482 /* AboutUsViewController.swift */ = {isa = PBXFileReference; lastKnownFileType = sourcecode.swift; path = AboutUsViewController.swift; sourceTree = "<group>"; };
		E0B3463B26B2A2C20076D482 /* SettingsCell.swift */ = {isa = PBXFileReference; lastKnownFileType = sourcecode.swift; path = SettingsCell.swift; sourceTree = "<group>"; };
		E0B3464026B2A5DD0076D482 /* Poppins-SemiBoldItalic.otf */ = {isa = PBXFileReference; lastKnownFileType = file; path = "Poppins-SemiBoldItalic.otf"; sourceTree = "<group>"; };
		E0B3464126B2A5DD0076D482 /* Poppins-ExtraBoldItalic.otf */ = {isa = PBXFileReference; lastKnownFileType = file; path = "Poppins-ExtraBoldItalic.otf"; sourceTree = "<group>"; };
		E0B3464226B2A5DD0076D482 /* SIL Open Font License.txt */ = {isa = PBXFileReference; fileEncoding = 4; lastKnownFileType = text; path = "SIL Open Font License.txt"; sourceTree = "<group>"; };
		E0B3464326B2A5DD0076D482 /* Poppins-ExtraLight.otf */ = {isa = PBXFileReference; lastKnownFileType = file; path = "Poppins-ExtraLight.otf"; sourceTree = "<group>"; };
		E0B3464426B2A5DD0076D482 /* Poppins-ThinItalic.otf */ = {isa = PBXFileReference; lastKnownFileType = file; path = "Poppins-ThinItalic.otf"; sourceTree = "<group>"; };
		E0B3464526B2A5DD0076D482 /* Poppins-ExtraLightItalic.otf */ = {isa = PBXFileReference; lastKnownFileType = file; path = "Poppins-ExtraLightItalic.otf"; sourceTree = "<group>"; };
		E0B3464626B2A5DD0076D482 /* Poppins-Light.otf */ = {isa = PBXFileReference; lastKnownFileType = file; path = "Poppins-Light.otf"; sourceTree = "<group>"; };
		E0B3464726B2A5DD0076D482 /* Poppins-BoldItalic.otf */ = {isa = PBXFileReference; lastKnownFileType = file; path = "Poppins-BoldItalic.otf"; sourceTree = "<group>"; };
		E0B3464826B2A5DD0076D482 /* Poppins-Medium.otf */ = {isa = PBXFileReference; lastKnownFileType = file; path = "Poppins-Medium.otf"; sourceTree = "<group>"; };
		E0B3464926B2A5DD0076D482 /* Poppins-SemiBold.otf */ = {isa = PBXFileReference; lastKnownFileType = file; path = "Poppins-SemiBold.otf"; sourceTree = "<group>"; };
		E0B3464A26B2A5DD0076D482 /* Poppins-Italic.otf */ = {isa = PBXFileReference; lastKnownFileType = file; path = "Poppins-Italic.otf"; sourceTree = "<group>"; };
		E0B3464B26B2A5DD0076D482 /* Poppins-Thin.otf */ = {isa = PBXFileReference; lastKnownFileType = file; path = "Poppins-Thin.otf"; sourceTree = "<group>"; };
		E0B3464C26B2A5DD0076D482 /* Poppins-MediumItalic.otf */ = {isa = PBXFileReference; lastKnownFileType = file; path = "Poppins-MediumItalic.otf"; sourceTree = "<group>"; };
		E0B3464D26B2A5DD0076D482 /* Poppins-LightItalic.otf */ = {isa = PBXFileReference; lastKnownFileType = file; path = "Poppins-LightItalic.otf"; sourceTree = "<group>"; };
		E0B3464E26B2A5DD0076D482 /* Poppins-Bold.otf */ = {isa = PBXFileReference; lastKnownFileType = file; path = "Poppins-Bold.otf"; sourceTree = "<group>"; };
		E0B3464F26B2A5DD0076D482 /* Poppins-Black.otf */ = {isa = PBXFileReference; lastKnownFileType = file; path = "Poppins-Black.otf"; sourceTree = "<group>"; };
		E0B3465026B2A5DD0076D482 /* Poppins-BlackItalic.otf */ = {isa = PBXFileReference; lastKnownFileType = file; path = "Poppins-BlackItalic.otf"; sourceTree = "<group>"; };
		E0B3465126B2A5DD0076D482 /* Poppins-Regular.otf */ = {isa = PBXFileReference; lastKnownFileType = file; path = "Poppins-Regular.otf"; sourceTree = "<group>"; };
		E0B3465226B2A5DD0076D482 /* Poppins-ExtraBold.otf */ = {isa = PBXFileReference; lastKnownFileType = file; path = "Poppins-ExtraBold.otf"; sourceTree = "<group>"; };
		E0B3466726B2A8170076D482 /* CircularStd-BoldItalic.ttf */ = {isa = PBXFileReference; lastKnownFileType = file; path = "CircularStd-BoldItalic.ttf"; sourceTree = "<group>"; };
		E0B3466826B2A8170076D482 /* CircularStd-MediumItalic.ttf */ = {isa = PBXFileReference; lastKnownFileType = file; path = "CircularStd-MediumItalic.ttf"; sourceTree = "<group>"; };
		E0B3466926B2A8170076D482 /* CircularStd-BlackItalic.ttf */ = {isa = PBXFileReference; lastKnownFileType = file; path = "CircularStd-BlackItalic.ttf"; sourceTree = "<group>"; };
		E0B3466A26B2A8170076D482 /* CircularStd-Book.ttf */ = {isa = PBXFileReference; lastKnownFileType = file; path = "CircularStd-Book.ttf"; sourceTree = "<group>"; };
		E0B3466B26B2A8170076D482 /* CircularStd-Black.ttf */ = {isa = PBXFileReference; lastKnownFileType = file; path = "CircularStd-Black.ttf"; sourceTree = "<group>"; };
		E0B3466C26B2A8170076D482 /* CircularStd-BookItalic.ttf */ = {isa = PBXFileReference; lastKnownFileType = file; path = "CircularStd-BookItalic.ttf"; sourceTree = "<group>"; };
		E0B3466D26B2A8170076D482 /* CircularStd-Bold.ttf */ = {isa = PBXFileReference; lastKnownFileType = file; path = "CircularStd-Bold.ttf"; sourceTree = "<group>"; };
		E0B3466E26B2A8170076D482 /* CircularStd-Medium.ttf */ = {isa = PBXFileReference; lastKnownFileType = file; path = "CircularStd-Medium.ttf"; sourceTree = "<group>"; };
		E0C3E24B26B3C6C3003AFC74 /* MonthlyBudgetCell.swift */ = {isa = PBXFileReference; lastKnownFileType = sourcecode.swift; path = MonthlyBudgetCell.swift; sourceTree = "<group>"; };
		E0C3E24D26B3C6D7003AFC74 /* PowerCell.swift */ = {isa = PBXFileReference; lastKnownFileType = sourcecode.swift; path = PowerCell.swift; sourceTree = "<group>"; };
		E0FBFC7C26AD55FB00EDCEBC /* Report.storyboard */ = {isa = PBXFileReference; lastKnownFileType = file.storyboard; path = Report.storyboard; sourceTree = "<group>"; };
		E0FBFC7E26AE73AD00EDCEBC /* GraphView.swift */ = {isa = PBXFileReference; lastKnownFileType = sourcecode.swift; path = GraphView.swift; sourceTree = "<group>"; };
/* End PBXFileReference section */

/* Begin PBXFrameworksBuildPhase section */
		AE04AF0A26AAA5D000E79190 /* Frameworks */ = {
			isa = PBXFrameworksBuildPhase;
			buildActionMask = 2147483647;
			files = (
				7250CE226740D638D8969E1F /* Pods_EmatApps.framework in Frameworks */,
			);
			runOnlyForDeploymentPostprocessing = 0;
		};
/* End PBXFrameworksBuildPhase section */

/* Begin PBXGroup section */
		AE04AF0426AAA5D000E79190 = {
			isa = PBXGroup;
			children = (
				AE04AF0F26AAA5D000E79190 /* EmatApps */,
				AE04AF0E26AAA5D000E79190 /* Products */,
				C2AB31D9AB124804D2F72C9D /* Pods */,
				F62604887D7A34DA6909C9F4 /* Frameworks */,
			);
			sourceTree = "<group>";
		};
		AE04AF0E26AAA5D000E79190 /* Products */ = {
			isa = PBXGroup;
			children = (
				AE04AF0D26AAA5D000E79190 /* EmatApps.app */,
			);
			name = Products;
			sourceTree = "<group>";
		};
		AE04AF0F26AAA5D000E79190 /* EmatApps */ = {
			isa = PBXGroup;
			children = (
				E04162AE26CD3430009F9C26 /* Helper */,
				AE07D3FB26BD3C2800526190 /* Network Service */,
				E0B3462E26B284EC0076D482 /* Model */,
				AE7074B426B4122B000255A3 /* Onboarding */,
				E0B3463626B291800076D482 /* About Us */,
				E0B3463126B28ED10076D482 /* Settings */,
				E0B3462326B18A1A0076D482 /* Monthly Report */,
				E0FBFC7926AD55AE00EDCEBC /* Reports */,
				AECC3DF726AFFBAE00EFF5EC /* Overview */,
				AE04AF1026AAA5D000E79190 /* AppDelegate.swift */,
				AE04AF1226AAA5D000E79190 /* SceneDelegate.swift */,
				AE04AF1626AAA5D000E79190 /* Main.storyboard */,
				AE04AF1E26AAA5D200E79190 /* LaunchScreen.storyboard */,
				AE04AF2126AAA5D200E79190 /* Info.plist */,
				AE04AF1926AAA5D000E79190 /* EmatApps.xcdatamodeld */,
				AE04AF1C26AAA5D200E79190 /* Assets.xcassets */,
				E0B3463D26B2A3EE0076D482 /* Fonts */,
			);
			path = EmatApps;
			sourceTree = "<group>";
		};
		AE07D3FB26BD3C2800526190 /* Network Service */ = {
			isa = PBXGroup;
			children = (
				AE07D3FC26BD3C6400526190 /* BaseRequest.swift */,
				AE07D3FE26BD3C7500526190 /* APIRequest.swift */,
				AE07D40026BD3CDD00526190 /* Constant.swift */,
			);
			path = "Network Service";
			sourceTree = "<group>";
		};
		AE3CFD5426C4F64B00847D76 /* Cells */ = {
			isa = PBXGroup;
			children = (
				E02CB40B26B0CCF000A39B2C /* MonthsTableViewCell.swift */,
				AE3CFD5526C4F66200847D76 /* GrafTableViewCell.swift */,
				AE3CFD5726C4F66E00847D76 /* ListTableViewCell.swift */,
			);
			path = Cells;
			sourceTree = "<group>";
		};
		AE3CFD5B26C50B2600847D76 /* Components */ = {
			isa = PBXGroup;
			children = (
				E0FBFC7E26AE73AD00EDCEBC /* GraphView.swift */,
				AE3CFD5C26C50B3B00847D76 /* TitleView.swift */,
			);
			path = Components;
			sourceTree = "<group>";
		};
		AE3CFD5E26C50B8300847D76 /* Controllers */ = {
			isa = PBXGroup;
			children = (
				AE3CFD5926C4F6A700847D76 /* ReportTableViewController.swift */,
			);
			path = Controllers;
			sourceTree = "<group>";
		};
		AE3CFD5F26C50B9E00847D76 /* View */ = {
			isa = PBXGroup;
			children = (
				E0FBFC7C26AD55FB00EDCEBC /* Report.storyboard */,
			);
			path = View;
			sourceTree = "<group>";
		};
		AE7074B026B3FBAB000255A3 /* Over */ = {
			isa = PBXGroup;
			children = (
				AEFDAADB26B2906D00E0BBDB /* CellOneTableViewCell.swift */,
				AEFDAADD26B2907C00E0BBDB /* CellTwoTableViewCell.swift */,
				AEFDAADF26B290A600E0BBDB /* CellThreeTableViewCell.swift */,
				AEFDAAE126B290B000E0BBDB /* CellFourTableViewCell.swift */,
				AE7074AA26B2A41F000255A3 /* CellFiveTableViewCell.swift */,
			);
			path = Over;
			sourceTree = "<group>";
		};
		AE7074B126B3FBBE000255A3 /* Est */ = {
			isa = PBXGroup;
			children = (
				AE7074B226B3FBD2000255A3 /* EstCollectionViewCell.swift */,
			);
			path = Est;
			sourceTree = "<group>";
		};
		AE7074B426B4122B000255A3 /* Onboarding */ = {
			isa = PBXGroup;
			children = (
				AE916AE126CCF47A00967317 /* Helper */,
				AE916AE026CCF46500967317 /* Model */,
				AE916ADF26CCF45F00967317 /* Cells */,
				AE916ADE26CCF45900967317 /* Controllers */,
				AE916ADD26CCF45000967317 /* View */,
			);
			path = Onboarding;
			sourceTree = "<group>";
		};
		AE916ADD26CCF45000967317 /* View */ = {
			isa = PBXGroup;
			children = (
				AE03DF0026CCE96C0000047D /* Onboarding.storyboard */,
			);
			path = View;
			sourceTree = "<group>";
		};
		AE916ADE26CCF45900967317 /* Controllers */ = {
			isa = PBXGroup;
			children = (
				AE7074BB26B460EB000255A3 /* DeviceViewController.swift */,
				AE7074B526B41256000255A3 /* OnboardingViewController.swift */,
				AE99613A26B5447200FDA0B1 /* PowerViewController.swift */,
			);
			path = Controllers;
			sourceTree = "<group>";
		};
		AE916ADF26CCF45F00967317 /* Cells */ = {
			isa = PBXGroup;
			children = (
				AE7074B726B45862000255A3 /* OnboardingCollectionViewCell.swift */,
			);
			path = Cells;
			sourceTree = "<group>";
		};
		AE916AE026CCF46500967317 /* Model */ = {
			isa = PBXGroup;
			children = (
				AE7074B926B45895000255A3 /* OnboardingSlide.swift */,
			);
			path = Model;
			sourceTree = "<group>";
		};
		AE916AE126CCF47A00967317 /* Helper */ = {
			isa = PBXGroup;
			children = (
				AE07D40226BD3DAC00526190 /* Core.swift */,
			);
			path = Helper;
			sourceTree = "<group>";
		};
		AEC3C3F626BAC5BD0060134F /* Cells */ = {
			isa = PBXGroup;
			children = (
				E0B3463B26B2A2C20076D482 /* SettingsCell.swift */,
				E0C3E24B26B3C6C3003AFC74 /* MonthlyBudgetCell.swift */,
				E0C3E24D26B3C6D7003AFC74 /* PowerCell.swift */,
			);
			path = Cells;
			sourceTree = "<group>";
		};
		AECC3DF726AFFBAE00EFF5EC /* Overview */ = {
			isa = PBXGroup;
			children = (
				AEFDAADA26B2905200E0BBDB /* View */,
				AEFDAAD926B2903900E0BBDB /* Components */,
				AEFDAAD826B2902F00E0BBDB /* Controllers */,
				AEFDAAD726B2902600E0BBDB /* Cells */,
			);
			path = Overview;
			sourceTree = "<group>";
		};
		AEFDAAD726B2902600E0BBDB /* Cells */ = {
			isa = PBXGroup;
			children = (
				AE7074B126B3FBBE000255A3 /* Est */,
				AE7074B026B3FBAB000255A3 /* Over */,
			);
			path = Cells;
			sourceTree = "<group>";
		};
		AEFDAAD826B2902F00E0BBDB /* Controllers */ = {
			isa = PBXGroup;
			children = (
				AE7074A826B2A11A000255A3 /* OverTableViewController.swift */,
				AE7074AE26B3FB95000255A3 /* EstimatedViewController.swift */,
			);
			path = Controllers;
			sourceTree = "<group>";
		};
		AEFDAAD926B2903900E0BBDB /* Components */ = {
			isa = PBXGroup;
			children = (
				AEFDAAE326B293BD00E0BBDB /* TitleStackView.swift */,
				AE07D3E326BBA74A00526190 /* PillMarker.swift */,
				AE07D3E726BBB72200526190 /* ModelProp.swift */,
				AECC1F9C26C64EA9003D3814 /* ChartSetup.swift */,
			);
			path = Components;
			sourceTree = "<group>";
		};
		AEFDAADA26B2905200E0BBDB /* View */ = {
			isa = PBXGroup;
			children = (
				AE7074A626B29F71000255A3 /* Overview.storyboard */,
			);
			path = View;
			sourceTree = "<group>";
		};
		C2AB31D9AB124804D2F72C9D /* Pods */ = {
			isa = PBXGroup;
			children = (
				53EBAC02C5537545D1A9538F /* Pods-EmatApps.debug.xcconfig */,
				80F47A274DF337A76F1819AB /* Pods-EmatApps.release.xcconfig */,
			);
			path = Pods;
			sourceTree = "<group>";
		};
		E04162AE26CD3430009F9C26 /* Helper */ = {
			isa = PBXGroup;
			children = (
				E04162B326CD35AA009F9C26 /* Float+Formatter.swift */,
			);
			path = Helper;
			sourceTree = "<group>";
		};
		E04162B526CD68E4009F9C26 /* View */ = {
			isa = PBXGroup;
			children = (
				E0B3462626B18A6A0076D482 /* MonthlyData.storyboard */,
			);
			path = View;
			sourceTree = "<group>";
		};
		E04162B626CD68EB009F9C26 /* Controller */ = {
			isa = PBXGroup;
			children = (
				E0B3462426B18A510076D482 /* MonthlyDataViewController.swift */,
			);
			path = Controller;
			sourceTree = "<group>";
		};
		E04162B726CD68F2009F9C26 /* Components */ = {
			isa = PBXGroup;
			children = (
				E0B3462C26B284920076D482 /* Budget Progress Bar */,
			);
			path = Components;
			sourceTree = "<group>";
		};
		E04162B826CD6925009F9C26 /* Cells */ = {
			isa = PBXGroup;
			children = (
				E0B3462A26B26AFC0076D482 /* DailyUsageTableViewCell.swift */,
			);
			path = Cells;
			sourceTree = "<group>";
		};
		E0B3462326B18A1A0076D482 /* Monthly Report */ = {
			isa = PBXGroup;
			children = (
				E04162B826CD6925009F9C26 /* Cells */,
				E04162B726CD68F2009F9C26 /* Components */,
				E04162B626CD68EB009F9C26 /* Controller */,
				E04162B526CD68E4009F9C26 /* View */,
			);
			path = "Monthly Report";
			sourceTree = "<group>";
		};
		E0B3462C26B284920076D482 /* Budget Progress Bar */ = {
			isa = PBXGroup;
			children = (
				E0B3462826B18D7A0076D482 /* MonthlyBudget.swift */,
			);
			path = "Budget Progress Bar";
			sourceTree = "<group>";
		};
		E0B3462E26B284EC0076D482 /* Model */ = {
			isa = PBXGroup;
			children = (
				AE5446F526B7E01000E969FF /* Power.swift */,
				E04162B926CD6965009F9C26 /* MonthlyPower.swift */,
			);
			path = Model;
			sourceTree = "<group>";
		};
		E0B3463126B28ED10076D482 /* Settings */ = {
			isa = PBXGroup;
			children = (
				AEC3C3F626BAC5BD0060134F /* Cells */,
				E0B3463226B28EEA0076D482 /* Setting.storyboard */,
				AEC3C3F426BAC5780060134F /* SettingTableViewController.swift */,
			);
			path = Settings;
			sourceTree = "<group>";
		};
		E0B3463626B291800076D482 /* About Us */ = {
			isa = PBXGroup;
			children = (
				E0B3463726B291950076D482 /* AboutUs.storyboard */,
				E0B3463926B291A30076D482 /* AboutUsViewController.swift */,
			);
			path = "About Us";
			sourceTree = "<group>";
		};
		E0B3463D26B2A3EE0076D482 /* Fonts */ = {
			isa = PBXGroup;
			children = (
				E0B3466626B2A8170076D482 /* Circular Std */,
				E0B3463F26B2A5DD0076D482 /* poppins */,
			);
			path = Fonts;
			sourceTree = "<group>";
		};
		E0B3463F26B2A5DD0076D482 /* poppins */ = {
			isa = PBXGroup;
			children = (
				E0B3464026B2A5DD0076D482 /* Poppins-SemiBoldItalic.otf */,
				E0B3464126B2A5DD0076D482 /* Poppins-ExtraBoldItalic.otf */,
				E0B3464226B2A5DD0076D482 /* SIL Open Font License.txt */,
				E0B3464326B2A5DD0076D482 /* Poppins-ExtraLight.otf */,
				E0B3464426B2A5DD0076D482 /* Poppins-ThinItalic.otf */,
				E0B3464526B2A5DD0076D482 /* Poppins-ExtraLightItalic.otf */,
				E0B3464626B2A5DD0076D482 /* Poppins-Light.otf */,
				E0B3464726B2A5DD0076D482 /* Poppins-BoldItalic.otf */,
				E0B3464826B2A5DD0076D482 /* Poppins-Medium.otf */,
				E0B3464926B2A5DD0076D482 /* Poppins-SemiBold.otf */,
				E0B3464A26B2A5DD0076D482 /* Poppins-Italic.otf */,
				E0B3464B26B2A5DD0076D482 /* Poppins-Thin.otf */,
				E0B3464C26B2A5DD0076D482 /* Poppins-MediumItalic.otf */,
				E0B3464D26B2A5DD0076D482 /* Poppins-LightItalic.otf */,
				E0B3464E26B2A5DD0076D482 /* Poppins-Bold.otf */,
				E0B3464F26B2A5DD0076D482 /* Poppins-Black.otf */,
				E0B3465026B2A5DD0076D482 /* Poppins-BlackItalic.otf */,
				E0B3465126B2A5DD0076D482 /* Poppins-Regular.otf */,
				E0B3465226B2A5DD0076D482 /* Poppins-ExtraBold.otf */,
			);
			path = poppins;
			sourceTree = "<group>";
		};
		E0B3466626B2A8170076D482 /* Circular Std */ = {
			isa = PBXGroup;
			children = (
				E0B3466726B2A8170076D482 /* CircularStd-BoldItalic.ttf */,
				E0B3466826B2A8170076D482 /* CircularStd-MediumItalic.ttf */,
				E0B3466926B2A8170076D482 /* CircularStd-BlackItalic.ttf */,
				E0B3466A26B2A8170076D482 /* CircularStd-Book.ttf */,
				E0B3466B26B2A8170076D482 /* CircularStd-Black.ttf */,
				E0B3466C26B2A8170076D482 /* CircularStd-BookItalic.ttf */,
				E0B3466D26B2A8170076D482 /* CircularStd-Bold.ttf */,
				E0B3466E26B2A8170076D482 /* CircularStd-Medium.ttf */,
			);
			path = "Circular Std";
			sourceTree = "<group>";
		};
		E0FBFC7926AD55AE00EDCEBC /* Reports */ = {
			isa = PBXGroup;
			children = (
				AE3CFD5F26C50B9E00847D76 /* View */,
				AE3CFD5E26C50B8300847D76 /* Controllers */,
				AE3CFD5B26C50B2600847D76 /* Components */,
				AE3CFD5426C4F64B00847D76 /* Cells */,
			);
			path = Reports;
			sourceTree = "<group>";
		};
		F62604887D7A34DA6909C9F4 /* Frameworks */ = {
			isa = PBXGroup;
			children = (
				4F8B1DC4930DC66D27A7D815 /* Pods_EmatApps.framework */,
			);
			name = Frameworks;
			sourceTree = "<group>";
		};
/* End PBXGroup section */

/* Begin PBXNativeTarget section */
		AE04AF0C26AAA5D000E79190 /* EmatApps */ = {
			isa = PBXNativeTarget;
			buildConfigurationList = AE04AF2426AAA5D200E79190 /* Build configuration list for PBXNativeTarget "EmatApps" */;
			buildPhases = (
				59E11C8E152D97E735DCDCA5 /* [CP] Check Pods Manifest.lock */,
				AE04AF0926AAA5D000E79190 /* Sources */,
				AE04AF0A26AAA5D000E79190 /* Frameworks */,
				AE04AF0B26AAA5D000E79190 /* Resources */,
				5FE5419BB1BDEB76F5BD8737 /* [CP] Embed Pods Frameworks */,
			);
			buildRules = (
			);
			dependencies = (
			);
			name = EmatApps;
			productName = EmatApps;
			productReference = AE04AF0D26AAA5D000E79190 /* EmatApps.app */;
			productType = "com.apple.product-type.application";
		};
/* End PBXNativeTarget section */

/* Begin PBXProject section */
		AE04AF0526AAA5D000E79190 /* Project object */ = {
			isa = PBXProject;
			attributes = {
				LastSwiftUpdateCheck = 1250;
				LastUpgradeCheck = 1250;
				TargetAttributes = {
					AE04AF0C26AAA5D000E79190 = {
						CreatedOnToolsVersion = 12.5;
					};
				};
			};
			buildConfigurationList = AE04AF0826AAA5D000E79190 /* Build configuration list for PBXProject "EmatApps" */;
			compatibilityVersion = "Xcode 9.3";
			developmentRegion = en;
			hasScannedForEncodings = 0;
			knownRegions = (
				en,
				Base,
			);
			mainGroup = AE04AF0426AAA5D000E79190;
			productRefGroup = AE04AF0E26AAA5D000E79190 /* Products */;
			projectDirPath = "";
			projectRoot = "";
			targets = (
				AE04AF0C26AAA5D000E79190 /* EmatApps */,
			);
		};
/* End PBXProject section */

/* Begin PBXResourcesBuildPhase section */
		AE04AF0B26AAA5D000E79190 /* Resources */ = {
			isa = PBXResourcesBuildPhase;
			buildActionMask = 2147483647;
			files = (
				E0B3467026B2A8170076D482 /* CircularStd-MediumItalic.ttf in Resources */,
				E0B3465B26B2A5DD0076D482 /* Poppins-Medium.otf in Resources */,
				E0B3467526B2A8170076D482 /* CircularStd-Bold.ttf in Resources */,
				E0B3463826B291950076D482 /* AboutUs.storyboard in Resources */,
				E0B3466226B2A5DD0076D482 /* Poppins-Black.otf in Resources */,
				E0B3467426B2A8170076D482 /* CircularStd-BookItalic.ttf in Resources */,
				E0B3465E26B2A5DD0076D482 /* Poppins-Thin.otf in Resources */,
				E0B3465526B2A5DD0076D482 /* SIL Open Font License.txt in Resources */,
				E0B3465F26B2A5DD0076D482 /* Poppins-MediumItalic.otf in Resources */,
				E0FBFC7D26AD55FB00EDCEBC /* Report.storyboard in Resources */,
				E0B3466326B2A5DD0076D482 /* Poppins-BlackItalic.otf in Resources */,
				E0B3465626B2A5DD0076D482 /* Poppins-ExtraLight.otf in Resources */,
				E0B3466026B2A5DD0076D482 /* Poppins-LightItalic.otf in Resources */,
				E0B3465D26B2A5DD0076D482 /* Poppins-Italic.otf in Resources */,
				E0B3467626B2A8170076D482 /* CircularStd-Medium.ttf in Resources */,
				AE03DF0126CCE96C0000047D /* Onboarding.storyboard in Resources */,
				AE04AF2026AAA5D200E79190 /* LaunchScreen.storyboard in Resources */,
				E0B3466126B2A5DD0076D482 /* Poppins-Bold.otf in Resources */,
				E0B3465426B2A5DD0076D482 /* Poppins-ExtraBoldItalic.otf in Resources */,
				E0B3462726B18A6A0076D482 /* MonthlyData.storyboard in Resources */,
				E0B3466526B2A5DD0076D482 /* Poppins-ExtraBold.otf in Resources */,
				E0B3465326B2A5DD0076D482 /* Poppins-SemiBoldItalic.otf in Resources */,
				E0B3465726B2A5DD0076D482 /* Poppins-ThinItalic.otf in Resources */,
				E0B3467326B2A8170076D482 /* CircularStd-Black.ttf in Resources */,
				AE7074A726B29F71000255A3 /* Overview.storyboard in Resources */,
				AE04AF1D26AAA5D200E79190 /* Assets.xcassets in Resources */,
				E0B3467226B2A8170076D482 /* CircularStd-Book.ttf in Resources */,
				E0B3465826B2A5DD0076D482 /* Poppins-ExtraLightItalic.otf in Resources */,
				E0B3466F26B2A8170076D482 /* CircularStd-BoldItalic.ttf in Resources */,
				E0B3467126B2A8170076D482 /* CircularStd-BlackItalic.ttf in Resources */,
				AE04AF1826AAA5D000E79190 /* Main.storyboard in Resources */,
				E0B3465926B2A5DD0076D482 /* Poppins-Light.otf in Resources */,
				E0B3463326B28EEA0076D482 /* Setting.storyboard in Resources */,
				E0B3465A26B2A5DD0076D482 /* Poppins-BoldItalic.otf in Resources */,
				E0B3465C26B2A5DD0076D482 /* Poppins-SemiBold.otf in Resources */,
				E0B3466426B2A5DD0076D482 /* Poppins-Regular.otf in Resources */,
			);
			runOnlyForDeploymentPostprocessing = 0;
		};
/* End PBXResourcesBuildPhase section */

/* Begin PBXShellScriptBuildPhase section */
		59E11C8E152D97E735DCDCA5 /* [CP] Check Pods Manifest.lock */ = {
			isa = PBXShellScriptBuildPhase;
			buildActionMask = 2147483647;
			files = (
			);
			inputFileListPaths = (
			);
			inputPaths = (
				"${PODS_PODFILE_DIR_PATH}/Podfile.lock",
				"${PODS_ROOT}/Manifest.lock",
			);
			name = "[CP] Check Pods Manifest.lock";
			outputFileListPaths = (
			);
			outputPaths = (
				"$(DERIVED_FILE_DIR)/Pods-EmatApps-checkManifestLockResult.txt",
			);
			runOnlyForDeploymentPostprocessing = 0;
			shellPath = /bin/sh;
			shellScript = "diff \"${PODS_PODFILE_DIR_PATH}/Podfile.lock\" \"${PODS_ROOT}/Manifest.lock\" > /dev/null\nif [ $? != 0 ] ; then\n    # print error to STDERR\n    echo \"error: The sandbox is not in sync with the Podfile.lock. Run 'pod install' or update your CocoaPods installation.\" >&2\n    exit 1\nfi\n# This output is used by Xcode 'outputs' to avoid re-running this script phase.\necho \"SUCCESS\" > \"${SCRIPT_OUTPUT_FILE_0}\"\n";
			showEnvVarsInLog = 0;
		};
		5FE5419BB1BDEB76F5BD8737 /* [CP] Embed Pods Frameworks */ = {
			isa = PBXShellScriptBuildPhase;
			buildActionMask = 2147483647;
			files = (
			);
			inputFileListPaths = (
				"${PODS_ROOT}/Target Support Files/Pods-EmatApps/Pods-EmatApps-frameworks-${CONFIGURATION}-input-files.xcfilelist",
			);
			name = "[CP] Embed Pods Frameworks";
			outputFileListPaths = (
				"${PODS_ROOT}/Target Support Files/Pods-EmatApps/Pods-EmatApps-frameworks-${CONFIGURATION}-output-files.xcfilelist",
			);
			runOnlyForDeploymentPostprocessing = 0;
			shellPath = /bin/sh;
			shellScript = "\"${PODS_ROOT}/Target Support Files/Pods-EmatApps/Pods-EmatApps-frameworks.sh\"\n";
			showEnvVarsInLog = 0;
		};
/* End PBXShellScriptBuildPhase section */

/* Begin PBXSourcesBuildPhase section */
		AE04AF0926AAA5D000E79190 /* Sources */ = {
			isa = PBXSourcesBuildPhase;
			buildActionMask = 2147483647;
			files = (
				AECC1F9D26C64EA9003D3814 /* ChartSetup.swift in Sources */,
				AE99613B26B5447200FDA0B1 /* PowerViewController.swift in Sources */,
				E0C3E24C26B3C6C3003AFC74 /* MonthlyBudgetCell.swift in Sources */,
				AE7074B326B3FBD2000255A3 /* EstCollectionViewCell.swift in Sources */,
				E0B3463C26B2A2C20076D482 /* SettingsCell.swift in Sources */,
				AE5446F626B7E01000E969FF /* Power.swift in Sources */,
				E0B3462926B18D7A0076D482 /* MonthlyBudget.swift in Sources */,
				AE07D3E426BBA74A00526190 /* PillMarker.swift in Sources */,
				E0B3463A26B291A30076D482 /* AboutUsViewController.swift in Sources */,
				AE3CFD5626C4F66200847D76 /* GrafTableViewCell.swift in Sources */,
				E0FBFC7F26AE73AD00EDCEBC /* GraphView.swift in Sources */,
				AEFDAAE026B290A600E0BBDB /* CellThreeTableViewCell.swift in Sources */,
				E04162BA26CD6965009F9C26 /* MonthlyPower.swift in Sources */,
				AE7074AB26B2A41F000255A3 /* CellFiveTableViewCell.swift in Sources */,
				AE3CFD5D26C50B3B00847D76 /* TitleView.swift in Sources */,
				AE07D40326BD3DAC00526190 /* Core.swift in Sources */,
				E0C3E24E26B3C6D7003AFC74 /* PowerCell.swift in Sources */,
				AE3CFD5826C4F66E00847D76 /* ListTableViewCell.swift in Sources */,
				AE7074B626B41256000255A3 /* OnboardingViewController.swift in Sources */,
				AEFDAADE26B2907C00E0BBDB /* CellTwoTableViewCell.swift in Sources */,
				AE3CFD5A26C4F6A700847D76 /* ReportTableViewController.swift in Sources */,
				AEFDAADC26B2906D00E0BBDB /* CellOneTableViewCell.swift in Sources */,
				AE04AF1B26AAA5D000E79190 /* EmatApps.xcdatamodeld in Sources */,
				E0B3462B26B26AFC0076D482 /* DailyUsageTableViewCell.swift in Sources */,
				E04162B426CD35AA009F9C26 /* Float+Formatter.swift in Sources */,
				AE07D3FD26BD3C6400526190 /* BaseRequest.swift in Sources */,
				AE7074BC26B460EB000255A3 /* DeviceViewController.swift in Sources */,
				AE7074A926B2A11A000255A3 /* OverTableViewController.swift in Sources */,
				AEC3C3F526BAC5780060134F /* SettingTableViewController.swift in Sources */,
				AE07D40126BD3CDD00526190 /* Constant.swift in Sources */,
				AE04AF1126AAA5D000E79190 /* AppDelegate.swift in Sources */,
				AE07D3FF26BD3C7500526190 /* APIRequest.swift in Sources */,
				AEFDAAE226B290B000E0BBDB /* CellFourTableViewCell.swift in Sources */,
				AEFDAAE426B293BD00E0BBDB /* TitleStackView.swift in Sources */,
				AE04AF1326AAA5D000E79190 /* SceneDelegate.swift in Sources */,
				AE07D3E826BBB72200526190 /* ModelProp.swift in Sources */,
				AE7074AF26B3FB95000255A3 /* EstimatedViewController.swift in Sources */,
				E0B3462526B18A510076D482 /* MonthlyDataViewController.swift in Sources */,
				E02CB40C26B0CCF000A39B2C /* MonthsTableViewCell.swift in Sources */,
				AE7074B826B45862000255A3 /* OnboardingCollectionViewCell.swift in Sources */,
				AE7074BA26B45895000255A3 /* OnboardingSlide.swift in Sources */,
			);
			runOnlyForDeploymentPostprocessing = 0;
		};
/* End PBXSourcesBuildPhase section */

/* Begin PBXVariantGroup section */
		AE04AF1626AAA5D000E79190 /* Main.storyboard */ = {
			isa = PBXVariantGroup;
			children = (
				AE04AF1726AAA5D000E79190 /* Base */,
			);
			name = Main.storyboard;
			sourceTree = "<group>";
		};
		AE04AF1E26AAA5D200E79190 /* LaunchScreen.storyboard */ = {
			isa = PBXVariantGroup;
			children = (
				AE04AF1F26AAA5D200E79190 /* Base */,
			);
			name = LaunchScreen.storyboard;
			sourceTree = "<group>";
		};
/* End PBXVariantGroup section */

/* Begin XCBuildConfiguration section */
		AE04AF2226AAA5D200E79190 /* Debug */ = {
			isa = XCBuildConfiguration;
			buildSettings = {
				ALWAYS_SEARCH_USER_PATHS = NO;
				CLANG_ANALYZER_NONNULL = YES;
				CLANG_ANALYZER_NUMBER_OBJECT_CONVERSION = YES_AGGRESSIVE;
				CLANG_CXX_LANGUAGE_STANDARD = "gnu++14";
				CLANG_CXX_LIBRARY = "libc++";
				CLANG_ENABLE_MODULES = YES;
				CLANG_ENABLE_OBJC_ARC = YES;
				CLANG_ENABLE_OBJC_WEAK = YES;
				CLANG_WARN_BLOCK_CAPTURE_AUTORELEASING = YES;
				CLANG_WARN_BOOL_CONVERSION = YES;
				CLANG_WARN_COMMA = YES;
				CLANG_WARN_CONSTANT_CONVERSION = YES;
				CLANG_WARN_DEPRECATED_OBJC_IMPLEMENTATIONS = YES;
				CLANG_WARN_DIRECT_OBJC_ISA_USAGE = YES_ERROR;
				CLANG_WARN_DOCUMENTATION_COMMENTS = YES;
				CLANG_WARN_EMPTY_BODY = YES;
				CLANG_WARN_ENUM_CONVERSION = YES;
				CLANG_WARN_INFINITE_RECURSION = YES;
				CLANG_WARN_INT_CONVERSION = YES;
				CLANG_WARN_NON_LITERAL_NULL_CONVERSION = YES;
				CLANG_WARN_OBJC_IMPLICIT_RETAIN_SELF = YES;
				CLANG_WARN_OBJC_LITERAL_CONVERSION = YES;
				CLANG_WARN_OBJC_ROOT_CLASS = YES_ERROR;
				CLANG_WARN_QUOTED_INCLUDE_IN_FRAMEWORK_HEADER = YES;
				CLANG_WARN_RANGE_LOOP_ANALYSIS = YES;
				CLANG_WARN_STRICT_PROTOTYPES = YES;
				CLANG_WARN_SUSPICIOUS_MOVE = YES;
				CLANG_WARN_UNGUARDED_AVAILABILITY = YES_AGGRESSIVE;
				CLANG_WARN_UNREACHABLE_CODE = YES;
				CLANG_WARN__DUPLICATE_METHOD_MATCH = YES;
				COPY_PHASE_STRIP = NO;
				DEBUG_INFORMATION_FORMAT = dwarf;
				ENABLE_STRICT_OBJC_MSGSEND = YES;
				ENABLE_TESTABILITY = YES;
				GCC_C_LANGUAGE_STANDARD = gnu11;
				GCC_DYNAMIC_NO_PIC = NO;
				GCC_NO_COMMON_BLOCKS = YES;
				GCC_OPTIMIZATION_LEVEL = 0;
				GCC_PREPROCESSOR_DEFINITIONS = (
					"DEBUG=1",
					"$(inherited)",
				);
				GCC_WARN_64_TO_32_BIT_CONVERSION = YES;
				GCC_WARN_ABOUT_RETURN_TYPE = YES_ERROR;
				GCC_WARN_UNDECLARED_SELECTOR = YES;
				GCC_WARN_UNINITIALIZED_AUTOS = YES_AGGRESSIVE;
				GCC_WARN_UNUSED_FUNCTION = YES;
				GCC_WARN_UNUSED_VARIABLE = YES;
				IPHONEOS_DEPLOYMENT_TARGET = 14.5;
				MTL_ENABLE_DEBUG_INFO = INCLUDE_SOURCE;
				MTL_FAST_MATH = YES;
				ONLY_ACTIVE_ARCH = YES;
				SDKROOT = iphoneos;
				SWIFT_ACTIVE_COMPILATION_CONDITIONS = DEBUG;
				SWIFT_OPTIMIZATION_LEVEL = "-Onone";
			};
			name = Debug;
		};
		AE04AF2326AAA5D200E79190 /* Release */ = {
			isa = XCBuildConfiguration;
			buildSettings = {
				ALWAYS_SEARCH_USER_PATHS = NO;
				CLANG_ANALYZER_NONNULL = YES;
				CLANG_ANALYZER_NUMBER_OBJECT_CONVERSION = YES_AGGRESSIVE;
				CLANG_CXX_LANGUAGE_STANDARD = "gnu++14";
				CLANG_CXX_LIBRARY = "libc++";
				CLANG_ENABLE_MODULES = YES;
				CLANG_ENABLE_OBJC_ARC = YES;
				CLANG_ENABLE_OBJC_WEAK = YES;
				CLANG_WARN_BLOCK_CAPTURE_AUTORELEASING = YES;
				CLANG_WARN_BOOL_CONVERSION = YES;
				CLANG_WARN_COMMA = YES;
				CLANG_WARN_CONSTANT_CONVERSION = YES;
				CLANG_WARN_DEPRECATED_OBJC_IMPLEMENTATIONS = YES;
				CLANG_WARN_DIRECT_OBJC_ISA_USAGE = YES_ERROR;
				CLANG_WARN_DOCUMENTATION_COMMENTS = YES;
				CLANG_WARN_EMPTY_BODY = YES;
				CLANG_WARN_ENUM_CONVERSION = YES;
				CLANG_WARN_INFINITE_RECURSION = YES;
				CLANG_WARN_INT_CONVERSION = YES;
				CLANG_WARN_NON_LITERAL_NULL_CONVERSION = YES;
				CLANG_WARN_OBJC_IMPLICIT_RETAIN_SELF = YES;
				CLANG_WARN_OBJC_LITERAL_CONVERSION = YES;
				CLANG_WARN_OBJC_ROOT_CLASS = YES_ERROR;
				CLANG_WARN_QUOTED_INCLUDE_IN_FRAMEWORK_HEADER = YES;
				CLANG_WARN_RANGE_LOOP_ANALYSIS = YES;
				CLANG_WARN_STRICT_PROTOTYPES = YES;
				CLANG_WARN_SUSPICIOUS_MOVE = YES;
				CLANG_WARN_UNGUARDED_AVAILABILITY = YES_AGGRESSIVE;
				CLANG_WARN_UNREACHABLE_CODE = YES;
				CLANG_WARN__DUPLICATE_METHOD_MATCH = YES;
				COPY_PHASE_STRIP = NO;
				DEBUG_INFORMATION_FORMAT = "dwarf-with-dsym";
				ENABLE_NS_ASSERTIONS = NO;
				ENABLE_STRICT_OBJC_MSGSEND = YES;
				GCC_C_LANGUAGE_STANDARD = gnu11;
				GCC_NO_COMMON_BLOCKS = YES;
				GCC_WARN_64_TO_32_BIT_CONVERSION = YES;
				GCC_WARN_ABOUT_RETURN_TYPE = YES_ERROR;
				GCC_WARN_UNDECLARED_SELECTOR = YES;
				GCC_WARN_UNINITIALIZED_AUTOS = YES_AGGRESSIVE;
				GCC_WARN_UNUSED_FUNCTION = YES;
				GCC_WARN_UNUSED_VARIABLE = YES;
				IPHONEOS_DEPLOYMENT_TARGET = 14.5;
				MTL_ENABLE_DEBUG_INFO = NO;
				MTL_FAST_MATH = YES;
				SDKROOT = iphoneos;
				SWIFT_COMPILATION_MODE = wholemodule;
				SWIFT_OPTIMIZATION_LEVEL = "-O";
				VALIDATE_PRODUCT = YES;
			};
			name = Release;
		};
		AE04AF2526AAA5D200E79190 /* Debug */ = {
			isa = XCBuildConfiguration;
			baseConfigurationReference = 53EBAC02C5537545D1A9538F /* Pods-EmatApps.debug.xcconfig */;
			buildSettings = {
				ASSETCATALOG_COMPILER_APPICON_NAME = AppIcon;
				ASSETCATALOG_COMPILER_GLOBAL_ACCENT_COLOR_NAME = AccentColor;
				CODE_SIGN_STYLE = Automatic;
				CURRENT_PROJECT_VERSION = 2;
				DEVELOPMENT_TEAM = AU84RKKUXN;
				INFOPLIST_FILE = EmatApps/info.plist;
				LD_RUNPATH_SEARCH_PATHS = (
					"$(inherited)",
					"@executable_path/Frameworks",
				);
				MARKETING_VERSION = 1.1;
				PRODUCT_BUNDLE_IDENTIFIER = com.rangga.EmatApps;
				PRODUCT_NAME = "$(TARGET_NAME)";
				SWIFT_VERSION = 5.0;
				TARGETED_DEVICE_FAMILY = "1,2";
			};
			name = Debug;
		};
		AE04AF2626AAA5D200E79190 /* Release */ = {
			isa = XCBuildConfiguration;
			baseConfigurationReference = 80F47A274DF337A76F1819AB /* Pods-EmatApps.release.xcconfig */;
			buildSettings = {
				ASSETCATALOG_COMPILER_APPICON_NAME = AppIcon;
				ASSETCATALOG_COMPILER_GLOBAL_ACCENT_COLOR_NAME = AccentColor;
				CODE_SIGN_STYLE = Automatic;
				CURRENT_PROJECT_VERSION = 2;
				DEVELOPMENT_TEAM = AU84RKKUXN;
				INFOPLIST_FILE = EmatApps/info.plist;
				LD_RUNPATH_SEARCH_PATHS = (
					"$(inherited)",
					"@executable_path/Frameworks",
				);
				MARKETING_VERSION = 1.1;
				PRODUCT_BUNDLE_IDENTIFIER = com.rangga.EmatApps;
				PRODUCT_NAME = "$(TARGET_NAME)";
				SWIFT_VERSION = 5.0;
				TARGETED_DEVICE_FAMILY = "1,2";
			};
			name = Release;
		};
/* End XCBuildConfiguration section */

/* Begin XCConfigurationList section */
		AE04AF0826AAA5D000E79190 /* Build configuration list for PBXProject "EmatApps" */ = {
			isa = XCConfigurationList;
			buildConfigurations = (
				AE04AF2226AAA5D200E79190 /* Debug */,
				AE04AF2326AAA5D200E79190 /* Release */,
			);
			defaultConfigurationIsVisible = 0;
			defaultConfigurationName = Release;
		};
		AE04AF2426AAA5D200E79190 /* Build configuration list for PBXNativeTarget "EmatApps" */ = {
			isa = XCConfigurationList;
			buildConfigurations = (
				AE04AF2526AAA5D200E79190 /* Debug */,
				AE04AF2626AAA5D200E79190 /* Release */,
			);
			defaultConfigurationIsVisible = 0;
			defaultConfigurationName = Release;
		};
/* End XCConfigurationList section */

/* Begin XCVersionGroup section */
		AE04AF1926AAA5D000E79190 /* EmatApps.xcdatamodeld */ = {
			isa = XCVersionGroup;
			children = (
				AE04AF1A26AAA5D000E79190 /* EmatApps.xcdatamodel */,
			);
			currentVersion = AE04AF1A26AAA5D000E79190 /* EmatApps.xcdatamodel */;
			path = EmatApps.xcdatamodeld;
			sourceTree = "<group>";
			versionGroupType = wrapper.xcdatamodel;
		};
/* End XCVersionGroup section */
	};
	rootObject = AE04AF0526AAA5D000E79190 /* Project object */;
}
